// !$*UTF8*$!
{
	archiveVersion = 1;
	classes = {
	};
	objectVersion = 50;
	objects = {

/* Begin PBXBuildFile section */
		FD4E546921D1137200B5A776 /* ZFileTests.swift in Sources */ = {isa = PBXBuildFile; fileRef = FD841E1621D0F61B00C8843F /* ZFileTests.swift */; };
		FD4E546C21D1138300B5A776 /* Quick.framework in Frameworks */ = {isa = PBXBuildFile; fileRef = FDDB917521CD8D2F00B6D5E9 /* Quick.framework */; };
		FD4E546F21D1139100B5A776 /* Nimble.framework in Frameworks */ = {isa = PBXBuildFile; fileRef = FDDB91F921CD8D5A00B6D5E9 /* Nimble.framework */; };
		FD4E547221D113A900B5A776 /* Quick.framework in Frameworks */ = {isa = PBXBuildFile; fileRef = FDDB917D21CD8D2F00B6D5E9 /* Quick.framework */; };
		FD4E547721D113C800B5A776 /* Nimble.framework in Frameworks */ = {isa = PBXBuildFile; fileRef = FDDB91FD21CD8D5A00B6D5E9 /* Nimble.framework */; };
		FD4E547F21D1140900B5A776 /* AppDelegate.swift in Sources */ = {isa = PBXBuildFile; fileRef = FD4E547E21D1140900B5A776 /* AppDelegate.swift */; };
		FD4E548121D1140900B5A776 /* ViewController.swift in Sources */ = {isa = PBXBuildFile; fileRef = FD4E548021D1140900B5A776 /* ViewController.swift */; };
		FD4E548421D1140900B5A776 /* Main.storyboard in Resources */ = {isa = PBXBuildFile; fileRef = FD4E548221D1140900B5A776 /* Main.storyboard */; };
		FD4E548621D1140B00B5A776 /* Assets.xcassets in Resources */ = {isa = PBXBuildFile; fileRef = FD4E548521D1140B00B5A776 /* Assets.xcassets */; };
		FD4E548921D1140B00B5A776 /* LaunchScreen.storyboard in Resources */ = {isa = PBXBuildFile; fileRef = FD4E548721D1140B00B5A776 /* LaunchScreen.storyboard */; };
		FD4E549221D1147600B5A776 /* ZFileMock.framework in Frameworks */ = {isa = PBXBuildFile; fileRef = FDDB931D21CD96E900B6D5E9 /* ZFileMock.framework */; };
		FD841E0821D0F61300C8843F /* Assets.xcassets in Resources */ = {isa = PBXBuildFile; fileRef = FD841DEF21D0F61300C8843F /* Assets.xcassets */; };
		FD841E0921D0F61300C8843F /* AutomateZFileViewController.swift in Sources */ = {isa = PBXBuildFile; fileRef = FD841DF021D0F61300C8843F /* AutomateZFileViewController.swift */; };
		FD841E0A21D0F61300C8843F /* Main.storyboard in Resources */ = {isa = PBXBuildFile; fileRef = FD841DF121D0F61300C8843F /* Main.storyboard */; };
		FD841E0B21D0F61300C8843F /* ZFileSourceryWorker.swift in Sources */ = {isa = PBXBuildFile; fileRef = FD841DF321D0F61300C8843F /* ZFileSourceryWorker.swift */; };
		FD841E0C21D0F61300C8843F /* AppDelegate.swift in Sources */ = {isa = PBXBuildFile; fileRef = FD841DF421D0F61300C8843F /* AppDelegate.swift */; };
		FD841E2021D0F6B900C8843F /* ZFileTests.swift in Sources */ = {isa = PBXBuildFile; fileRef = FD841E1621D0F61B00C8843F /* ZFileTests.swift */; };
		FD841E2221D103BB00C8843F /* ZFileFolderWorker.swift in Sources */ = {isa = PBXBuildFile; fileRef = FD841E2121D103BB00C8843F /* ZFileFolderWorker.swift */; };
		FDDB937221CDA6FE00B6D5E9 /* ZFile.framework in Frameworks */ = {isa = PBXBuildFile; fileRef = FDDB92C121CD921C00B6D5E9 /* ZFile.framework */; };
		FDDB937321CDA6FE00B6D5E9 /* ZFile.framework in Embed Frameworks */ = {isa = PBXBuildFile; fileRef = FDDB92C121CD921C00B6D5E9 /* ZFile.framework */; settings = {ATTRIBUTES = (CodeSignOnCopy, RemoveHeadersOnCopy, ); }; };
		FDDB937A21CDA7FA00B6D5E9 /* ZFile.framework in Frameworks */ = {isa = PBXBuildFile; fileRef = FDDB92C121CD921C00B6D5E9 /* ZFile.framework */; };
		FDDB937F21CDA81100B6D5E9 /* ZFileMock.framework in Frameworks */ = {isa = PBXBuildFile; fileRef = FDDB931F21CD96E900B6D5E9 /* ZFileMock.framework */; };
		FDDB938E21CDA8AC00B6D5E9 /* ZFile.framework in Frameworks */ = {isa = PBXBuildFile; fileRef = FDDB92BD21CD921C00B6D5E9 /* ZFile.framework */; };
		FDE0B71121D7BD2B0093CBCB /* Arguments.framework in Frameworks */ = {isa = PBXBuildFile; fileRef = FDE0B69C21D7BC910093CBCB /* Arguments.framework */; };
		FDE0B71221D7BD2B0093CBCB /* Arguments.framework in Embed Frameworks */ = {isa = PBXBuildFile; fileRef = FDE0B69C21D7BC910093CBCB /* Arguments.framework */; settings = {ATTRIBUTES = (CodeSignOnCopy, RemoveHeadersOnCopy, ); }; };
		FDE0B71521D7BD2B0093CBCB /* Keychain.framework in Frameworks */ = {isa = PBXBuildFile; fileRef = FDE0B6BE21D7BC910093CBCB /* Keychain.framework */; };
		FDE0B71621D7BD2B0093CBCB /* Keychain.framework in Embed Frameworks */ = {isa = PBXBuildFile; fileRef = FDE0B6BE21D7BC910093CBCB /* Keychain.framework */; settings = {ATTRIBUTES = (CodeSignOnCopy, RemoveHeadersOnCopy, ); }; };
		FDE0B71921D7BD2B0093CBCB /* Terminal.framework in Frameworks */ = {isa = PBXBuildFile; fileRef = FDE0B6A421D7BC910093CBCB /* Terminal.framework */; };
		FDE0B71A21D7BD2B0093CBCB /* Terminal.framework in Embed Frameworks */ = {isa = PBXBuildFile; fileRef = FDE0B6A421D7BC910093CBCB /* Terminal.framework */; settings = {ATTRIBUTES = (CodeSignOnCopy, RemoveHeadersOnCopy, ); }; };
		FDE0B71D21D7BD2B0093CBCB /* POSIX.framework in Frameworks */ = {isa = PBXBuildFile; fileRef = FDE0B6B421D7BC910093CBCB /* POSIX.framework */; };
		FDE0B71E21D7BD2B0093CBCB /* POSIX.framework in Embed Frameworks */ = {isa = PBXBuildFile; fileRef = FDE0B6B421D7BC910093CBCB /* POSIX.framework */; settings = {ATTRIBUTES = (CodeSignOnCopy, RemoveHeadersOnCopy, ); }; };
		FDE0B72121D7BD2B0093CBCB /* XCBuild.framework in Frameworks */ = {isa = PBXBuildFile; fileRef = FDE0B6B821D7BC910093CBCB /* XCBuild.framework */; };
		FDE0B72221D7BD2B0093CBCB /* XCBuild.framework in Embed Frameworks */ = {isa = PBXBuildFile; fileRef = FDE0B6B821D7BC910093CBCB /* XCBuild.framework */; settings = {ATTRIBUTES = (CodeSignOnCopy, RemoveHeadersOnCopy, ); }; };
		FDE0B72521D7BD2B0093CBCB /* Result.framework in Frameworks */ = {isa = PBXBuildFile; fileRef = FDE0B6C021D7BC910093CBCB /* Result.framework */; };
		FDE0B72621D7BD2B0093CBCB /* Result.framework in Embed Frameworks */ = {isa = PBXBuildFile; fileRef = FDE0B6C021D7BC910093CBCB /* Result.framework */; settings = {ATTRIBUTES = (CodeSignOnCopy, RemoveHeadersOnCopy, ); }; };
		FDE0B72921D7BD2B0093CBCB /* Errors.framework in Frameworks */ = {isa = PBXBuildFile; fileRef = FDE0B6B621D7BC910093CBCB /* Errors.framework */; };
		FDE0B72A21D7BD2B0093CBCB /* Errors.framework in Embed Frameworks */ = {isa = PBXBuildFile; fileRef = FDE0B6B621D7BC910093CBCB /* Errors.framework */; settings = {ATTRIBUTES = (CodeSignOnCopy, RemoveHeadersOnCopy, ); }; };
		FDE0B72D21D7BD2B0093CBCB /* SourceryAutoProtocols.framework in Frameworks */ = {isa = PBXBuildFile; fileRef = FDE0B6AC21D7BC910093CBCB /* SourceryAutoProtocols.framework */; };
		FDE0B72E21D7BD2B0093CBCB /* SourceryAutoProtocols.framework in Embed Frameworks */ = {isa = PBXBuildFile; fileRef = FDE0B6AC21D7BC910093CBCB /* SourceryAutoProtocols.framework */; settings = {ATTRIBUTES = (CodeSignOnCopy, RemoveHeadersOnCopy, ); }; };
		FDE0B73121D7BD2B0093CBCB /* Deliver.framework in Frameworks */ = {isa = PBXBuildFile; fileRef = FDE0B6BC21D7BC910093CBCB /* Deliver.framework */; };
		FDE0B73221D7BD2B0093CBCB /* Deliver.framework in Embed Frameworks */ = {isa = PBXBuildFile; fileRef = FDE0B6BC21D7BC910093CBCB /* Deliver.framework */; settings = {ATTRIBUTES = (CodeSignOnCopy, RemoveHeadersOnCopy, ); }; };
		FDE0B73521D7BD2B0093CBCB /* Task.framework in Frameworks */ = {isa = PBXBuildFile; fileRef = FDE0B6A821D7BC910093CBCB /* Task.framework */; };
		FDE0B73621D7BD2B0093CBCB /* Task.framework in Embed Frameworks */ = {isa = PBXBuildFile; fileRef = FDE0B6A821D7BC910093CBCB /* Task.framework */; settings = {ATTRIBUTES = (CodeSignOnCopy, RemoveHeadersOnCopy, ); }; };
		FDE0B73921D7BD2B0093CBCB /* Url.framework in Frameworks */ = {isa = PBXBuildFile; fileRef = FDE0B6BA21D7BC910093CBCB /* Url.framework */; };
		FDE0B73A21D7BD2B0093CBCB /* Url.framework in Embed Frameworks */ = {isa = PBXBuildFile; fileRef = FDE0B6BA21D7BC910093CBCB /* Url.framework */; settings = {ATTRIBUTES = (CodeSignOnCopy, RemoveHeadersOnCopy, ); }; };
		FDE0B73D21D7BD2B0093CBCB /* SourceryWorker.framework in Frameworks */ = {isa = PBXBuildFile; fileRef = FDE0B6B021D7BC910093CBCB /* SourceryWorker.framework */; };
		FDE0B73E21D7BD2B0093CBCB /* SourceryWorker.framework in Embed Frameworks */ = {isa = PBXBuildFile; fileRef = FDE0B6B021D7BC910093CBCB /* SourceryWorker.framework */; settings = {ATTRIBUTES = (CodeSignOnCopy, RemoveHeadersOnCopy, ); }; };
		FDE0B74521D7BD2B0093CBCB /* SignPost.framework in Frameworks */ = {isa = PBXBuildFile; fileRef = FDE0B6A021D7BC910093CBCB /* SignPost.framework */; };
		FDE0B74621D7BD2B0093CBCB /* SignPost.framework in Embed Frameworks */ = {isa = PBXBuildFile; fileRef = FDE0B6A021D7BC910093CBCB /* SignPost.framework */; settings = {ATTRIBUTES = (CodeSignOnCopy, RemoveHeadersOnCopy, ); }; };
		FDE0B74921D7BD2B0093CBCB /* TestKit.framework in Frameworks */ = {isa = PBXBuildFile; fileRef = FDE0B6C221D7BC910093CBCB /* TestKit.framework */; };
		FDE0B74A21D7BD2B0093CBCB /* TestKit.framework in Embed Frameworks */ = {isa = PBXBuildFile; fileRef = FDE0B6C221D7BC910093CBCB /* TestKit.framework */; settings = {ATTRIBUTES = (CodeSignOnCopy, RemoveHeadersOnCopy, ); }; };
		FDE0B76021D7BE090093CBCB /* CupertinoJWT.framework in Frameworks */ = {isa = PBXBuildFile; fileRef = FDE0B75B21D7BDEC0093CBCB /* CupertinoJWT.framework */; };
		FDE0B76121D7BE090093CBCB /* CupertinoJWT.framework in Embed Frameworks */ = {isa = PBXBuildFile; fileRef = FDE0B75B21D7BDEC0093CBCB /* CupertinoJWT.framework */; settings = {ATTRIBUTES = (CodeSignOnCopy, RemoveHeadersOnCopy, ); }; };
/* End PBXBuildFile section */

/* Begin PBXContainerItemProxy section */
		FD4E546A21D1137D00B5A776 /* PBXContainerItemProxy */ = {
			isa = PBXContainerItemProxy;
			containerPortal = FDDB90E321CD861900B6D5E9 /* Quick.xcodeproj */;
			proxyType = 1;
			remoteGlobalIDString = DAEB6B8D1943873100289F44;
			remoteInfo = "Quick-macOS";
		};
		FD4E546D21D1138A00B5A776 /* PBXContainerItemProxy */ = {
			isa = PBXContainerItemProxy;
			containerPortal = FDDB91EE21CD8D5900B6D5E9 /* Nimble.xcodeproj */;
			proxyType = 1;
			remoteGlobalIDString = 1F925EAC195C0D6300ED456B;
			remoteInfo = "Nimble-macOS";
		};
		FD4E547021D1139F00B5A776 /* PBXContainerItemProxy */ = {
			isa = PBXContainerItemProxy;
			containerPortal = FDDB90E321CD861900B6D5E9 /* Quick.xcodeproj */;
			proxyType = 1;
			remoteGlobalIDString = 5A5D117B19473F2100F6D13D;
			remoteInfo = "Quick-iOS";
		};
		FD4E547521D113BF00B5A776 /* PBXContainerItemProxy */ = {
			isa = PBXContainerItemProxy;
			containerPortal = FDDB91EE21CD8D5900B6D5E9 /* Nimble.xcodeproj */;
			proxyType = 1;
			remoteGlobalIDString = 1F1A74281940169200FFFC47;
			remoteInfo = "Nimble-iOS";
		};
		FD4E548E21D1143600B5A776 /* PBXContainerItemProxy */ = {
			isa = PBXContainerItemProxy;
			containerPortal = FDB7AA1D21CD84960045DDA8 /* Project object */;
			proxyType = 1;
			remoteGlobalIDString = FD4E547B21D1140900B5A776;
			remoteInfo = HostiOSTests;
		};
		FD4E549021D1146700B5A776 /* PBXContainerItemProxy */ = {
			isa = PBXContainerItemProxy;
			containerPortal = FDDB905921CD84E900B6D5E9 /* ZFile.xcodeproj */;
			proxyType = 1;
			remoteGlobalIDString = FDDB930921CD955600B6D5E9;
			remoteInfo = "ZFileMock-ios";
		};
		FD4E549321D1178600B5A776 /* PBXContainerItemProxy */ = {
			isa = PBXContainerItemProxy;
			containerPortal = FDDB905921CD84E900B6D5E9 /* ZFile.xcodeproj */;
			proxyType = 1;
			remoteGlobalIDString = FD737DBF21B03D25001BB507;
			remoteInfo = "ZFile-macos";
		};
		FD841DBA21D0F5EC00C8843F /* PBXContainerItemProxy */ = {
			isa = PBXContainerItemProxy;
			containerPortal = FDDB905921CD84E900B6D5E9 /* ZFile.xcodeproj */;
			proxyType = 2;
			remoteGlobalIDString = FD1B88A721CE27B70055C2C1;
			remoteInfo = "FoundationGenericHelper-ios";
		};
		FD841DBC21D0F5EC00C8843F /* PBXContainerItemProxy */ = {
			isa = PBXContainerItemProxy;
			containerPortal = FDDB905921CD84E900B6D5E9 /* ZFile.xcodeproj */;
			proxyType = 2;
			remoteGlobalIDString = FD1B88B421CE27D80055C2C1;
			remoteInfo = "FoundationGenericHelper-macos";
		};
		FDB7AA3821CD84970045DDA8 /* PBXContainerItemProxy */ = {
			isa = PBXContainerItemProxy;
			containerPortal = FDB7AA1D21CD84960045DDA8 /* Project object */;
			proxyType = 1;
			remoteGlobalIDString = FDB7AA2421CD84960045DDA8;
			remoteInfo = AutomateZFile;
		};
		FDDB917421CD8D2F00B6D5E9 /* PBXContainerItemProxy */ = {
			isa = PBXContainerItemProxy;
			containerPortal = FDDB90E321CD861900B6D5E9 /* Quick.xcodeproj */;
			proxyType = 2;
			remoteGlobalIDString = DAEB6B8E1943873100289F44;
			remoteInfo = "Quick-macOS";
		};
		FDDB917621CD8D2F00B6D5E9 /* PBXContainerItemProxy */ = {
			isa = PBXContainerItemProxy;
			containerPortal = FDDB90E321CD861900B6D5E9 /* Quick.xcodeproj */;
			proxyType = 2;
			remoteGlobalIDString = DAEB6B991943873100289F44;
			remoteInfo = "Quick - macOSTests";
		};
		FDDB917821CD8D2F00B6D5E9 /* PBXContainerItemProxy */ = {
			isa = PBXContainerItemProxy;
			containerPortal = FDDB90E321CD861900B6D5E9 /* Quick.xcodeproj */;
			proxyType = 2;
			remoteGlobalIDString = DA5663E81A4C8D8500193C88;
			remoteInfo = "QuickFocused - macOSTests";
		};
		FDDB917A21CD8D2F00B6D5E9 /* PBXContainerItemProxy */ = {
			isa = PBXContainerItemProxy;
			containerPortal = FDDB90E321CD861900B6D5E9 /* Quick.xcodeproj */;
			proxyType = 2;
			remoteGlobalIDString = 64076CF51D6D7C2000E2B499;
			remoteInfo = "QuickAfterSuite - macOSTests";
		};
		FDDB917C21CD8D2F00B6D5E9 /* PBXContainerItemProxy */ = {
			isa = PBXContainerItemProxy;
			containerPortal = FDDB90E321CD861900B6D5E9 /* Quick.xcodeproj */;
			proxyType = 2;
			remoteGlobalIDString = 5A5D117C19473F2100F6D13D;
			remoteInfo = "Quick-iOS";
		};
		FDDB917E21CD8D2F00B6D5E9 /* PBXContainerItemProxy */ = {
			isa = PBXContainerItemProxy;
			containerPortal = FDDB90E321CD861900B6D5E9 /* Quick.xcodeproj */;
			proxyType = 2;
			remoteGlobalIDString = 5A5D118619473F2100F6D13D;
			remoteInfo = "Quick - iOSTests";
		};
		FDDB918021CD8D2F00B6D5E9 /* PBXContainerItemProxy */ = {
			isa = PBXContainerItemProxy;
			containerPortal = FDDB90E321CD861900B6D5E9 /* Quick.xcodeproj */;
			proxyType = 2;
			remoteGlobalIDString = DA9876B21A4C70EB0004AA17;
			remoteInfo = "QuickFocused - iOSTests";
		};
		FDDB918221CD8D2F00B6D5E9 /* PBXContainerItemProxy */ = {
			isa = PBXContainerItemProxy;
			containerPortal = FDDB90E321CD861900B6D5E9 /* Quick.xcodeproj */;
			proxyType = 2;
			remoteGlobalIDString = 64076D081D6D7CD600E2B499;
			remoteInfo = "QuickAfterSuite - iOSTests";
		};
		FDDB918421CD8D2F00B6D5E9 /* PBXContainerItemProxy */ = {
			isa = PBXContainerItemProxy;
			containerPortal = FDDB90E321CD861900B6D5E9 /* Quick.xcodeproj */;
			proxyType = 2;
			remoteGlobalIDString = 1F118CD51BDCA4AB005013A2;
			remoteInfo = "Quick-tvOS";
		};
		FDDB918621CD8D2F00B6D5E9 /* PBXContainerItemProxy */ = {
			isa = PBXContainerItemProxy;
			containerPortal = FDDB90E321CD861900B6D5E9 /* Quick.xcodeproj */;
			proxyType = 2;
			remoteGlobalIDString = 1F118CDE1BDCA4AB005013A2;
			remoteInfo = "Quick - tvOSTests";
		};
		FDDB918821CD8D2F00B6D5E9 /* PBXContainerItemProxy */ = {
			isa = PBXContainerItemProxy;
			containerPortal = FDDB90E321CD861900B6D5E9 /* Quick.xcodeproj */;
			proxyType = 2;
			remoteGlobalIDString = 1F118CF01BDCA4BB005013A2;
			remoteInfo = "QuickFocused - tvOSTests";
		};
		FDDB918A21CD8D2F00B6D5E9 /* PBXContainerItemProxy */ = {
			isa = PBXContainerItemProxy;
			containerPortal = FDDB90E321CD861900B6D5E9 /* Quick.xcodeproj */;
			proxyType = 2;
			remoteGlobalIDString = 64076D1A1D6D7CEA00E2B499;
			remoteInfo = "QuickAfterSuite - tvOSTests";
		};
		FDDB91F821CD8D5A00B6D5E9 /* PBXContainerItemProxy */ = {
			isa = PBXContainerItemProxy;
			containerPortal = FDDB91EE21CD8D5900B6D5E9 /* Nimble.xcodeproj */;
			proxyType = 2;
			remoteGlobalIDString = 1F925EAD195C0D6300ED456B;
			remoteInfo = "Nimble-macOS";
		};
		FDDB91FA21CD8D5A00B6D5E9 /* PBXContainerItemProxy */ = {
			isa = PBXContainerItemProxy;
			containerPortal = FDDB91EE21CD8D5900B6D5E9 /* Nimble.xcodeproj */;
			proxyType = 2;
			remoteGlobalIDString = 1F925EB7195C0D6300ED456B;
			remoteInfo = "Nimble-macOSTests";
		};
		FDDB91FC21CD8D5A00B6D5E9 /* PBXContainerItemProxy */ = {
			isa = PBXContainerItemProxy;
			containerPortal = FDDB91EE21CD8D5900B6D5E9 /* Nimble.xcodeproj */;
			proxyType = 2;
			remoteGlobalIDString = 1F1A74291940169200FFFC47;
			remoteInfo = "Nimble-iOS";
		};
		FDDB91FE21CD8D5A00B6D5E9 /* PBXContainerItemProxy */ = {
			isa = PBXContainerItemProxy;
			containerPortal = FDDB91EE21CD8D5900B6D5E9 /* Nimble.xcodeproj */;
			proxyType = 2;
			remoteGlobalIDString = 1F1A74341940169200FFFC47;
			remoteInfo = "Nimble-iOSTests";
		};
		FDDB920021CD8D5A00B6D5E9 /* PBXContainerItemProxy */ = {
			isa = PBXContainerItemProxy;
			containerPortal = FDDB91EE21CD8D5900B6D5E9 /* Nimble.xcodeproj */;
			proxyType = 2;
			remoteGlobalIDString = 1F5DF1551BDCA0CE00C3A531;
			remoteInfo = "Nimble-tvOS";
		};
		FDDB920221CD8D5A00B6D5E9 /* PBXContainerItemProxy */ = {
			isa = PBXContainerItemProxy;
			containerPortal = FDDB91EE21CD8D5900B6D5E9 /* Nimble.xcodeproj */;
			proxyType = 2;
			remoteGlobalIDString = 1F5DF15E1BDCA0CE00C3A531;
			remoteInfo = "Nimble-tvOSTests";
		};
		FDDB92BC21CD921C00B6D5E9 /* PBXContainerItemProxy */ = {
			isa = PBXContainerItemProxy;
			containerPortal = FDDB905921CD84E900B6D5E9 /* ZFile.xcodeproj */;
			proxyType = 2;
			remoteGlobalIDString = FD737D9221B03BD3001BB507;
			remoteInfo = "ZFile-iOS";
		};
		FDDB92C021CD921C00B6D5E9 /* PBXContainerItemProxy */ = {
			isa = PBXContainerItemProxy;
			containerPortal = FDDB905921CD84E900B6D5E9 /* ZFile.xcodeproj */;
			proxyType = 2;
			remoteGlobalIDString = FD737DC021B03D25001BB507;
			remoteInfo = "ZFile-macos";
		};
		FDDB931C21CD96E900B6D5E9 /* PBXContainerItemProxy */ = {
			isa = PBXContainerItemProxy;
			containerPortal = FDDB905921CD84E900B6D5E9 /* ZFile.xcodeproj */;
			proxyType = 2;
			remoteGlobalIDString = FDDB930A21CD955600B6D5E9;
			remoteInfo = "ZFileMock-ios";
		};
		FDDB931E21CD96E900B6D5E9 /* PBXContainerItemProxy */ = {
			isa = PBXContainerItemProxy;
			containerPortal = FDDB905921CD84E900B6D5E9 /* ZFile.xcodeproj */;
			proxyType = 2;
			remoteGlobalIDString = FDDB92FD21CD953400B6D5E9;
			remoteInfo = "ZFileMock-macos";
		};
		FDDB937821CDA7EC00B6D5E9 /* PBXContainerItemProxy */ = {
			isa = PBXContainerItemProxy;
			containerPortal = FDDB905921CD84E900B6D5E9 /* ZFile.xcodeproj */;
			proxyType = 1;
			remoteGlobalIDString = FD737DBF21B03D25001BB507;
			remoteInfo = "ZFile-macos";
		};
		FDDB937D21CDA80800B6D5E9 /* PBXContainerItemProxy */ = {
			isa = PBXContainerItemProxy;
			containerPortal = FDDB905921CD84E900B6D5E9 /* ZFile.xcodeproj */;
			proxyType = 1;
			remoteGlobalIDString = FDDB92FC21CD953400B6D5E9;
			remoteInfo = "ZFileMock-macos";
		};
		FDDB938C21CDA8A400B6D5E9 /* PBXContainerItemProxy */ = {
			isa = PBXContainerItemProxy;
			containerPortal = FDDB905921CD84E900B6D5E9 /* ZFile.xcodeproj */;
			proxyType = 1;
			remoteGlobalIDString = FD737D9121B03BD3001BB507;
			remoteInfo = "ZFile-iOS";
		};
		FDE0B69B21D7BC910093CBCB /* PBXContainerItemProxy */ = {
			isa = PBXContainerItemProxy;
			containerPortal = FDDB90CD21CD861100B6D5E9 /* 🛣.xcodeproj */;
			proxyType = 2;
			remoteGlobalIDString = "highway::Arguments::Product";
			remoteInfo = Arguments;
		};
		FDE0B69D21D7BC910093CBCB /* PBXContainerItemProxy */ = {
			isa = PBXContainerItemProxy;
			containerPortal = FDDB90CD21CD861100B6D5E9 /* 🛣.xcodeproj */;
			proxyType = 2;
			remoteGlobalIDString = FDB7A98321CD6B5D0045DDA8;
			remoteInfo = ArgumentsMock;
		};
		FDE0B69F21D7BC910093CBCB /* PBXContainerItemProxy */ = {
			isa = PBXContainerItemProxy;
			containerPortal = FDDB90CD21CD861100B6D5E9 /* 🛣.xcodeproj */;
			proxyType = 2;
			remoteGlobalIDString = FD1126CC21C77F050072607D;
			remoteInfo = SignPost;
		};
		FDE0B6A121D7BC910093CBCB /* PBXContainerItemProxy */ = {
			isa = PBXContainerItemProxy;
			containerPortal = FDDB90CD21CD861100B6D5E9 /* 🛣.xcodeproj */;
			proxyType = 2;
			remoteGlobalIDString = FDB7A9C721CD6F7F0045DDA8;
			remoteInfo = SignPostMock;
		};
		FDE0B6A321D7BC910093CBCB /* PBXContainerItemProxy */ = {
			isa = PBXContainerItemProxy;
			containerPortal = FDDB90CD21CD861100B6D5E9 /* 🛣.xcodeproj */;
			proxyType = 2;
			remoteGlobalIDString = "highway::Terminal::Product";
			remoteInfo = Terminal;
		};
		FDE0B6A521D7BC910093CBCB /* PBXContainerItemProxy */ = {
			isa = PBXContainerItemProxy;
			containerPortal = FDDB90CD21CD861100B6D5E9 /* 🛣.xcodeproj */;
			proxyType = 2;
			remoteGlobalIDString = FDB7A9E221CD736C0045DDA8;
			remoteInfo = TerminalMock;
		};
		FDE0B6A721D7BC910093CBCB /* PBXContainerItemProxy */ = {
			isa = PBXContainerItemProxy;
			containerPortal = FDDB90CD21CD861100B6D5E9 /* 🛣.xcodeproj */;
			proxyType = 2;
			remoteGlobalIDString = "highway::Task::Product";
			remoteInfo = Task;
		};
		FDE0B6A921D7BC910093CBCB /* PBXContainerItemProxy */ = {
			isa = PBXContainerItemProxy;
			containerPortal = FDDB90CD21CD861100B6D5E9 /* 🛣.xcodeproj */;
			proxyType = 2;
			remoteGlobalIDString = FDB7A9FC21CD7E8C0045DDA8;
			remoteInfo = TaskMock;
		};
		FDE0B6AB21D7BC910093CBCB /* PBXContainerItemProxy */ = {
			isa = PBXContainerItemProxy;
			containerPortal = FDDB90CD21CD861100B6D5E9 /* 🛣.xcodeproj */;
			proxyType = 2;
			remoteGlobalIDString = "highway::SourceryAutoProtocols::Product";
			remoteInfo = "SourceryAutoProtocols-macos";
		};
		FDE0B6AD21D7BC910093CBCB /* PBXContainerItemProxy */ = {
			isa = PBXContainerItemProxy;
			containerPortal = FDDB90CD21CD861100B6D5E9 /* 🛣.xcodeproj */;
			proxyType = 2;
			remoteGlobalIDString = FDE9B6F721C58ED400D1F50A;
			remoteInfo = "SourceryAutoProtocols-ios";
		};
		FDE0B6AF21D7BC910093CBCB /* PBXContainerItemProxy */ = {
			isa = PBXContainerItemProxy;
			containerPortal = FDDB90CD21CD861100B6D5E9 /* 🛣.xcodeproj */;
			proxyType = 2;
			remoteGlobalIDString = FDC156DB21C5347C00E04B44;
			remoteInfo = SourceryWorker;
		};
		FDE0B6B121D7BC910093CBCB /* PBXContainerItemProxy */ = {
			isa = PBXContainerItemProxy;
			containerPortal = FDDB90CD21CD861100B6D5E9 /* 🛣.xcodeproj */;
			proxyType = 2;
			remoteGlobalIDString = FDB7AA0D21CD81DC0045DDA8;
			remoteInfo = SourceryWorkerMock;
		};
		FDE0B6B321D7BC910093CBCB /* PBXContainerItemProxy */ = {
			isa = PBXContainerItemProxy;
			containerPortal = FDDB90CD21CD861100B6D5E9 /* 🛣.xcodeproj */;
			proxyType = 2;
			remoteGlobalIDString = "highway::POSIX::Product";
			remoteInfo = POSIX;
		};
		FDE0B6B521D7BC910093CBCB /* PBXContainerItemProxy */ = {
			isa = PBXContainerItemProxy;
			containerPortal = FDDB90CD21CD861100B6D5E9 /* 🛣.xcodeproj */;
			proxyType = 2;
			remoteGlobalIDString = "highway::Errors::Product";
			remoteInfo = Errors;
		};
		FDE0B6B721D7BC910093CBCB /* PBXContainerItemProxy */ = {
			isa = PBXContainerItemProxy;
			containerPortal = FDDB90CD21CD861100B6D5E9 /* 🛣.xcodeproj */;
			proxyType = 2;
			remoteGlobalIDString = "highway::XCBuild::Product";
			remoteInfo = XCBuild;
		};
		FDE0B6B921D7BC910093CBCB /* PBXContainerItemProxy */ = {
			isa = PBXContainerItemProxy;
			containerPortal = FDDB90CD21CD861100B6D5E9 /* 🛣.xcodeproj */;
			proxyType = 2;
			remoteGlobalIDString = "highway::Url::Product";
			remoteInfo = Url;
		};
		FDE0B6BB21D7BC910093CBCB /* PBXContainerItemProxy */ = {
			isa = PBXContainerItemProxy;
			containerPortal = FDDB90CD21CD861100B6D5E9 /* 🛣.xcodeproj */;
			proxyType = 2;
			remoteGlobalIDString = "highway::Deliver::Product";
			remoteInfo = Deliver;
		};
		FDE0B6BD21D7BC910093CBCB /* PBXContainerItemProxy */ = {
			isa = PBXContainerItemProxy;
			containerPortal = FDDB90CD21CD861100B6D5E9 /* 🛣.xcodeproj */;
			proxyType = 2;
			remoteGlobalIDString = "highway::Keychain::Product";
			remoteInfo = Keychain;
		};
		FDE0B6BF21D7BC910093CBCB /* PBXContainerItemProxy */ = {
			isa = PBXContainerItemProxy;
			containerPortal = FDDB90CD21CD861100B6D5E9 /* 🛣.xcodeproj */;
			proxyType = 2;
			remoteGlobalIDString = "highway::Result::Product";
			remoteInfo = Result;
		};
		FDE0B6C121D7BC910093CBCB /* PBXContainerItemProxy */ = {
			isa = PBXContainerItemProxy;
			containerPortal = FDDB90CD21CD861100B6D5E9 /* 🛣.xcodeproj */;
			proxyType = 2;
			remoteGlobalIDString = FDB7A8B921CD5EA10045DDA8;
			remoteInfo = TestKit;
		};
		FDE0B6C321D7BC910093CBCB /* PBXContainerItemProxy */ = {
			isa = PBXContainerItemProxy;
			containerPortal = FDDB90CD21CD861100B6D5E9 /* 🛣.xcodeproj */;
			proxyType = 2;
			remoteGlobalIDString = "highway::Git::Product";
			remoteInfo = Git;
		};
		FDE0B6C521D7BC910093CBCB /* PBXContainerItemProxy */ = {
			isa = PBXContainerItemProxy;
			containerPortal = FDDB90CD21CD861100B6D5E9 /* 🛣.xcodeproj */;
			proxyType = 2;
			remoteGlobalIDString = "highway::ArgumentsTests::Product";
			remoteInfo = ArgumentsTests;
		};
		FDE0B6C721D7BC910093CBCB /* PBXContainerItemProxy */ = {
			isa = PBXContainerItemProxy;
			containerPortal = FDDB90CD21CD861100B6D5E9 /* 🛣.xcodeproj */;
			proxyType = 2;
			remoteGlobalIDString = "highway::DeliverTests::Product";
			remoteInfo = DeliverTests;
		};
		FDE0B6C921D7BC910093CBCB /* PBXContainerItemProxy */ = {
			isa = PBXContainerItemProxy;
			containerPortal = FDDB90CD21CD861100B6D5E9 /* 🛣.xcodeproj */;
			proxyType = 2;
			remoteGlobalIDString = "highway::GitTests::Product";
			remoteInfo = GitTests;
		};
		FDE0B6CB21D7BC910093CBCB /* PBXContainerItemProxy */ = {
			isa = PBXContainerItemProxy;
			containerPortal = FDDB90CD21CD861100B6D5E9 /* 🛣.xcodeproj */;
			proxyType = 2;
			remoteGlobalIDString = "highway::POSIXTests::Product";
			remoteInfo = POSIXTests;
		};
		FDE0B6CD21D7BC910093CBCB /* PBXContainerItemProxy */ = {
			isa = PBXContainerItemProxy;
			containerPortal = FDDB90CD21CD861100B6D5E9 /* 🛣.xcodeproj */;
			proxyType = 2;
			remoteGlobalIDString = "highway::ResultTests::Product";
			remoteInfo = ResultTests;
		};
		FDE0B6CF21D7BC910093CBCB /* PBXContainerItemProxy */ = {
			isa = PBXContainerItemProxy;
			containerPortal = FDDB90CD21CD861100B6D5E9 /* 🛣.xcodeproj */;
			proxyType = 2;
			remoteGlobalIDString = "highway::TaskTests::Product";
			remoteInfo = TaskTests;
		};
		FDE0B6D121D7BC910093CBCB /* PBXContainerItemProxy */ = {
			isa = PBXContainerItemProxy;
			containerPortal = FDDB90CD21CD861100B6D5E9 /* 🛣.xcodeproj */;
			proxyType = 2;
			remoteGlobalIDString = "highway::TerminalTests::Product";
			remoteInfo = TerminalTests;
		};
		FDE0B6D321D7BC910093CBCB /* PBXContainerItemProxy */ = {
			isa = PBXContainerItemProxy;
			containerPortal = FDDB90CD21CD861100B6D5E9 /* 🛣.xcodeproj */;
			proxyType = 2;
			remoteGlobalIDString = "highway::UrlTests::Product";
			remoteInfo = UrlTests;
		};
		FDE0B6D521D7BC910093CBCB /* PBXContainerItemProxy */ = {
			isa = PBXContainerItemProxy;
			containerPortal = FDDB90CD21CD861100B6D5E9 /* 🛣.xcodeproj */;
			proxyType = 2;
			remoteGlobalIDString = "highway::XCBuildTests::Product";
			remoteInfo = XCBuildTests;
		};
		FDE0B6D721D7BC910093CBCB /* PBXContainerItemProxy */ = {
			isa = PBXContainerItemProxy;
			containerPortal = FDDB90CD21CD861100B6D5E9 /* 🛣.xcodeproj */;
			proxyType = 2;
			remoteGlobalIDString = FDC156E321C5347D00E04B44;
			remoteInfo = SourceryWorkerTests;
		};
		FDE0B6D921D7BC910093CBCB /* PBXContainerItemProxy */ = {
			isa = PBXContainerItemProxy;
			containerPortal = FDDB90CD21CD861100B6D5E9 /* 🛣.xcodeproj */;
			proxyType = 2;
			remoteGlobalIDString = FD1126D421C77F050072607D;
			remoteInfo = SignPostTests;
		};
		FDE0B71321D7BD2B0093CBCB /* PBXContainerItemProxy */ = {
			isa = PBXContainerItemProxy;
			containerPortal = FDDB90CD21CD861100B6D5E9 /* 🛣.xcodeproj */;
			proxyType = 1;
			remoteGlobalIDString = "highway::Arguments";
			remoteInfo = Arguments;
		};
		FDE0B71721D7BD2B0093CBCB /* PBXContainerItemProxy */ = {
			isa = PBXContainerItemProxy;
			containerPortal = FDDB90CD21CD861100B6D5E9 /* 🛣.xcodeproj */;
			proxyType = 1;
			remoteGlobalIDString = "highway::Keychain";
			remoteInfo = Keychain;
		};
		FDE0B71B21D7BD2B0093CBCB /* PBXContainerItemProxy */ = {
			isa = PBXContainerItemProxy;
			containerPortal = FDDB90CD21CD861100B6D5E9 /* 🛣.xcodeproj */;
			proxyType = 1;
			remoteGlobalIDString = "highway::Terminal";
			remoteInfo = Terminal;
		};
		FDE0B71F21D7BD2B0093CBCB /* PBXContainerItemProxy */ = {
			isa = PBXContainerItemProxy;
			containerPortal = FDDB90CD21CD861100B6D5E9 /* 🛣.xcodeproj */;
			proxyType = 1;
			remoteGlobalIDString = "highway::POSIX";
			remoteInfo = POSIX;
		};
		FDE0B72321D7BD2B0093CBCB /* PBXContainerItemProxy */ = {
			isa = PBXContainerItemProxy;
			containerPortal = FDDB90CD21CD861100B6D5E9 /* 🛣.xcodeproj */;
			proxyType = 1;
			remoteGlobalIDString = "highway::XCBuild";
			remoteInfo = XCBuild;
		};
		FDE0B72721D7BD2B0093CBCB /* PBXContainerItemProxy */ = {
			isa = PBXContainerItemProxy;
			containerPortal = FDDB90CD21CD861100B6D5E9 /* 🛣.xcodeproj */;
			proxyType = 1;
			remoteGlobalIDString = "highway::Result";
			remoteInfo = Result;
		};
		FDE0B72B21D7BD2B0093CBCB /* PBXContainerItemProxy */ = {
			isa = PBXContainerItemProxy;
			containerPortal = FDDB90CD21CD861100B6D5E9 /* 🛣.xcodeproj */;
			proxyType = 1;
			remoteGlobalIDString = "highway::Errors";
			remoteInfo = Errors;
		};
		FDE0B72F21D7BD2B0093CBCB /* PBXContainerItemProxy */ = {
			isa = PBXContainerItemProxy;
			containerPortal = FDDB90CD21CD861100B6D5E9 /* 🛣.xcodeproj */;
			proxyType = 1;
			remoteGlobalIDString = "highway::SourceryAutoProtocols";
			remoteInfo = "SourceryAutoProtocols-macos";
		};
		FDE0B73321D7BD2B0093CBCB /* PBXContainerItemProxy */ = {
			isa = PBXContainerItemProxy;
			containerPortal = FDDB90CD21CD861100B6D5E9 /* 🛣.xcodeproj */;
			proxyType = 1;
			remoteGlobalIDString = "highway::Deliver";
			remoteInfo = Deliver;
		};
		FDE0B73721D7BD2B0093CBCB /* PBXContainerItemProxy */ = {
			isa = PBXContainerItemProxy;
			containerPortal = FDDB90CD21CD861100B6D5E9 /* 🛣.xcodeproj */;
			proxyType = 1;
			remoteGlobalIDString = "highway::Task";
			remoteInfo = Task;
		};
		FDE0B73B21D7BD2B0093CBCB /* PBXContainerItemProxy */ = {
			isa = PBXContainerItemProxy;
			containerPortal = FDDB90CD21CD861100B6D5E9 /* 🛣.xcodeproj */;
			proxyType = 1;
			remoteGlobalIDString = "highway::Url";
			remoteInfo = Url;
		};
		FDE0B73F21D7BD2B0093CBCB /* PBXContainerItemProxy */ = {
			isa = PBXContainerItemProxy;
			containerPortal = FDDB90CD21CD861100B6D5E9 /* 🛣.xcodeproj */;
			proxyType = 1;
			remoteGlobalIDString = FDC156DA21C5347C00E04B44;
			remoteInfo = SourceryWorker;
		};
		FDE0B74721D7BD2B0093CBCB /* PBXContainerItemProxy */ = {
			isa = PBXContainerItemProxy;
			containerPortal = FDDB90CD21CD861100B6D5E9 /* 🛣.xcodeproj */;
			proxyType = 1;
			remoteGlobalIDString = FD1126CB21C77F050072607D;
			remoteInfo = SignPost;
		};
		FDE0B74B21D7BD2B0093CBCB /* PBXContainerItemProxy */ = {
			isa = PBXContainerItemProxy;
			containerPortal = FDDB90CD21CD861100B6D5E9 /* 🛣.xcodeproj */;
			proxyType = 1;
			remoteGlobalIDString = FDB7A8B821CD5EA10045DDA8;
			remoteInfo = TestKit;
		};
		FDE0B75621D7BDEC0093CBCB /* PBXContainerItemProxy */ = {
			isa = PBXContainerItemProxy;
			containerPortal = FDE0B74D21D7BDEB0093CBCB /* CupertinoJWT.xcodeproj */;
			proxyType = 2;
			remoteGlobalIDString = 6CCBCF96212E6444009DD9AC;
			remoteInfo = "CupertinoJWT iOS";
		};
		FDE0B75821D7BDEC0093CBCB /* PBXContainerItemProxy */ = {
			isa = PBXContainerItemProxy;
			containerPortal = FDE0B74D21D7BDEB0093CBCB /* CupertinoJWT.xcodeproj */;
			proxyType = 2;
			remoteGlobalIDString = 6CCBD070212E92CF009DD9AC;
			remoteInfo = "CupertinoJWT Tests";
		};
		FDE0B75A21D7BDEC0093CBCB /* PBXContainerItemProxy */ = {
			isa = PBXContainerItemProxy;
			containerPortal = FDE0B74D21D7BDEB0093CBCB /* CupertinoJWT.xcodeproj */;
			proxyType = 2;
			remoteGlobalIDString = 3D1E18D821B6BFB80073A4FC;
			remoteInfo = "CupertinoJWT macOS";
		};
		FDE0B75C21D7BDEC0093CBCB /* PBXContainerItemProxy */ = {
			isa = PBXContainerItemProxy;
			containerPortal = FDE0B74D21D7BDEB0093CBCB /* CupertinoJWT.xcodeproj */;
			proxyType = 2;
			remoteGlobalIDString = 3D244D9C21B82C0000907D0B;
			remoteInfo = "CupertinoJWT watchOS";
		};
		FDE0B75E21D7BDEC0093CBCB /* PBXContainerItemProxy */ = {
			isa = PBXContainerItemProxy;
			containerPortal = FDE0B74D21D7BDEB0093CBCB /* CupertinoJWT.xcodeproj */;
			proxyType = 2;
			remoteGlobalIDString = 3D244DAF21B82CE200907D0B;
			remoteInfo = "CupertinoJWT tvOS";
		};
		FDE0B76221D7BE090093CBCB /* PBXContainerItemProxy */ = {
			isa = PBXContainerItemProxy;
			containerPortal = FDE0B74D21D7BDEB0093CBCB /* CupertinoJWT.xcodeproj */;
			proxyType = 1;
			remoteGlobalIDString = 3D1E18C721B6BFB80073A4FC;
			remoteInfo = "CupertinoJWT macOS";
		};
/* End PBXContainerItemProxy section */

/* Begin PBXCopyFilesBuildPhase section */
		FDDB910F21CD869000B6D5E9 /* Embed Frameworks */ = {
			isa = PBXCopyFilesBuildPhase;
			buildActionMask = 2147483647;
			dstPath = "";
			dstSubfolderSpec = 10;
			files = (
				FDE0B76121D7BE090093CBCB /* CupertinoJWT.framework in Embed Frameworks */,
				FDE0B72221D7BD2B0093CBCB /* XCBuild.framework in Embed Frameworks */,
				FDE0B72A21D7BD2B0093CBCB /* Errors.framework in Embed Frameworks */,
				FDE0B72621D7BD2B0093CBCB /* Result.framework in Embed Frameworks */,
				FDE0B71E21D7BD2B0093CBCB /* POSIX.framework in Embed Frameworks */,
				FDE0B73A21D7BD2B0093CBCB /* Url.framework in Embed Frameworks */,
				FDE0B74A21D7BD2B0093CBCB /* TestKit.framework in Embed Frameworks */,
				FDE0B73221D7BD2B0093CBCB /* Deliver.framework in Embed Frameworks */,
				FDE0B71621D7BD2B0093CBCB /* Keychain.framework in Embed Frameworks */,
				FDE0B72E21D7BD2B0093CBCB /* SourceryAutoProtocols.framework in Embed Frameworks */,
				FDE0B73621D7BD2B0093CBCB /* Task.framework in Embed Frameworks */,
				FDE0B74621D7BD2B0093CBCB /* SignPost.framework in Embed Frameworks */,
				FDDB937321CDA6FE00B6D5E9 /* ZFile.framework in Embed Frameworks */,
				FDE0B73E21D7BD2B0093CBCB /* SourceryWorker.framework in Embed Frameworks */,
				FDE0B71A21D7BD2B0093CBCB /* Terminal.framework in Embed Frameworks */,
				FDE0B71221D7BD2B0093CBCB /* Arguments.framework in Embed Frameworks */,
			);
			name = "Embed Frameworks";
			runOnlyForDeploymentPostprocessing = 0;
		};
/* End PBXCopyFilesBuildPhase section */

/* Begin PBXFileReference section */
		FD4E547C21D1140900B5A776 /* HostiOSTests.app */ = {isa = PBXFileReference; explicitFileType = wrapper.application; includeInIndex = 0; path = HostiOSTests.app; sourceTree = BUILT_PRODUCTS_DIR; };
		FD4E547E21D1140900B5A776 /* AppDelegate.swift */ = {isa = PBXFileReference; lastKnownFileType = sourcecode.swift; path = AppDelegate.swift; sourceTree = "<group>"; };
		FD4E548021D1140900B5A776 /* ViewController.swift */ = {isa = PBXFileReference; lastKnownFileType = sourcecode.swift; path = ViewController.swift; sourceTree = "<group>"; };
		FD4E548321D1140900B5A776 /* Base */ = {isa = PBXFileReference; lastKnownFileType = file.storyboard; name = Base; path = Base.lproj/Main.storyboard; sourceTree = "<group>"; };
		FD4E548521D1140B00B5A776 /* Assets.xcassets */ = {isa = PBXFileReference; lastKnownFileType = folder.assetcatalog; path = Assets.xcassets; sourceTree = "<group>"; };
		FD4E548821D1140B00B5A776 /* Base */ = {isa = PBXFileReference; lastKnownFileType = file.storyboard; name = Base; path = Base.lproj/LaunchScreen.storyboard; sourceTree = "<group>"; };
		FD4E548A21D1140B00B5A776 /* Info.plist */ = {isa = PBXFileReference; lastKnownFileType = text.plist.xml; path = Info.plist; sourceTree = "<group>"; };
		FD4E549521D119D200B5A776 /* template-sourcery */ = {isa = PBXFileReference; lastKnownFileType = folder; name = "template-sourcery"; path = "../Carthage/Checkouts/template-sourcery"; sourceTree = "<group>"; };
		FD841DEE21D0F61300C8843F /* AutomateZFile.entitlements */ = {isa = PBXFileReference; fileEncoding = 4; lastKnownFileType = text.plist.entitlements; path = AutomateZFile.entitlements; sourceTree = "<group>"; };
		FD841DEF21D0F61300C8843F /* Assets.xcassets */ = {isa = PBXFileReference; lastKnownFileType = folder.assetcatalog; path = Assets.xcassets; sourceTree = "<group>"; };
		FD841DF021D0F61300C8843F /* AutomateZFileViewController.swift */ = {isa = PBXFileReference; fileEncoding = 4; lastKnownFileType = sourcecode.swift; path = AutomateZFileViewController.swift; sourceTree = "<group>"; };
		FD841DF221D0F61300C8843F /* Base */ = {isa = PBXFileReference; lastKnownFileType = file.storyboard; name = Base; path = Base.lproj/Main.storyboard; sourceTree = "<group>"; };
		FD841DF321D0F61300C8843F /* ZFileSourceryWorker.swift */ = {isa = PBXFileReference; fileEncoding = 4; lastKnownFileType = sourcecode.swift; path = ZFileSourceryWorker.swift; sourceTree = "<group>"; };
		FD841DF421D0F61300C8843F /* AppDelegate.swift */ = {isa = PBXFileReference; fileEncoding = 4; lastKnownFileType = sourcecode.swift; path = AppDelegate.swift; sourceTree = "<group>"; };
		FD841DF521D0F61300C8843F /* Info.plist */ = {isa = PBXFileReference; fileEncoding = 4; lastKnownFileType = text.plist.xml; path = Info.plist; sourceTree = "<group>"; };
		FD841E1621D0F61B00C8843F /* ZFileTests.swift */ = {isa = PBXFileReference; fileEncoding = 4; lastKnownFileType = sourcecode.swift; path = ZFileTests.swift; sourceTree = "<group>"; };
		FD841E1721D0F61B00C8843F /* Info.plist */ = {isa = PBXFileReference; fileEncoding = 4; lastKnownFileType = text.plist.xml; path = Info.plist; sourceTree = "<group>"; };
		FD841E2121D103BB00C8843F /* ZFileFolderWorker.swift */ = {isa = PBXFileReference; lastKnownFileType = sourcecode.swift; path = ZFileFolderWorker.swift; sourceTree = "<group>"; };
		FDB7AA2521CD84960045DDA8 /* AutomateZFile.app */ = {isa = PBXFileReference; explicitFileType = wrapper.application; includeInIndex = 0; path = AutomateZFile.app; sourceTree = BUILT_PRODUCTS_DIR; };
		FDB7AA3721CD84970045DDA8 /* AutomateZFileTests-macos.xctest */ = {isa = PBXFileReference; explicitFileType = wrapper.cfbundle; includeInIndex = 0; path = "AutomateZFileTests-macos.xctest"; sourceTree = BUILT_PRODUCTS_DIR; };
		FDDB905921CD84E900B6D5E9 /* ZFile.xcodeproj */ = {isa = PBXFileReference; lastKnownFileType = "wrapper.pb-project"; path = ZFile.xcodeproj; sourceTree = "<group>"; };
		FDDB90CD21CD861100B6D5E9 /* 🛣.xcodeproj */ = {isa = PBXFileReference; lastKnownFileType = "wrapper.pb-project"; name = "🛣.xcodeproj"; path = "../Carthage/Checkouts/highway/Sources/highway/🛣.xcodeproj"; sourceTree = "<group>"; };
		FDDB90E321CD861900B6D5E9 /* Quick.xcodeproj */ = {isa = PBXFileReference; lastKnownFileType = "wrapper.pb-project"; name = Quick.xcodeproj; path = ../Carthage/Checkouts/Quick/Quick.xcodeproj; sourceTree = "<group>"; };
		FDDB91EE21CD8D5900B6D5E9 /* Nimble.xcodeproj */ = {isa = PBXFileReference; lastKnownFileType = "wrapper.pb-project"; name = Nimble.xcodeproj; path = ../Carthage/Checkouts/Nimble/Nimble.xcodeproj; sourceTree = "<group>"; };
		FDDB933B21CDA62600B6D5E9 /* README.md */ = {isa = PBXFileReference; lastKnownFileType = net.daringfireball.markdown; name = README.md; path = ../../README.md; sourceTree = "<group>"; };
		FDDB938421CDA89A00B6D5E9 /* AutomateZFileTests-ios.xctest */ = {isa = PBXFileReference; explicitFileType = wrapper.cfbundle; includeInIndex = 0; path = "AutomateZFileTests-ios.xctest"; sourceTree = BUILT_PRODUCTS_DIR; };
		FDE0B74D21D7BDEB0093CBCB /* CupertinoJWT.xcodeproj */ = {isa = PBXFileReference; lastKnownFileType = "wrapper.pb-project"; name = CupertinoJWT.xcodeproj; path = ../Carthage/Checkouts/highway/Sources/Carthage/Checkouts/CupertinoJWT/CupertinoJWT.xcodeproj; sourceTree = "<group>"; };
/* End PBXFileReference section */

/* Begin PBXFrameworksBuildPhase section */
		FD4E547921D1140900B5A776 /* Frameworks */ = {
			isa = PBXFrameworksBuildPhase;
			buildActionMask = 2147483647;
			files = (
			);
			runOnlyForDeploymentPostprocessing = 0;
		};
		FDB7AA2221CD84960045DDA8 /* Frameworks */ = {
			isa = PBXFrameworksBuildPhase;
			buildActionMask = 2147483647;
			files = (
				FDE0B76021D7BE090093CBCB /* CupertinoJWT.framework in Frameworks */,
				FDE0B72121D7BD2B0093CBCB /* XCBuild.framework in Frameworks */,
				FDE0B72921D7BD2B0093CBCB /* Errors.framework in Frameworks */,
				FDE0B72521D7BD2B0093CBCB /* Result.framework in Frameworks */,
				FDE0B71D21D7BD2B0093CBCB /* POSIX.framework in Frameworks */,
				FDE0B73921D7BD2B0093CBCB /* Url.framework in Frameworks */,
				FDE0B74921D7BD2B0093CBCB /* TestKit.framework in Frameworks */,
				FDE0B73121D7BD2B0093CBCB /* Deliver.framework in Frameworks */,
				FDE0B71521D7BD2B0093CBCB /* Keychain.framework in Frameworks */,
				FDE0B72D21D7BD2B0093CBCB /* SourceryAutoProtocols.framework in Frameworks */,
				FDE0B73521D7BD2B0093CBCB /* Task.framework in Frameworks */,
				FDE0B74521D7BD2B0093CBCB /* SignPost.framework in Frameworks */,
				FDDB937221CDA6FE00B6D5E9 /* ZFile.framework in Frameworks */,
				FDE0B73D21D7BD2B0093CBCB /* SourceryWorker.framework in Frameworks */,
				FDE0B71921D7BD2B0093CBCB /* Terminal.framework in Frameworks */,
				FDE0B71121D7BD2B0093CBCB /* Arguments.framework in Frameworks */,
			);
			runOnlyForDeploymentPostprocessing = 0;
		};
		FDB7AA3421CD84970045DDA8 /* Frameworks */ = {
			isa = PBXFrameworksBuildPhase;
			buildActionMask = 2147483647;
			files = (
				FD4E546F21D1139100B5A776 /* Nimble.framework in Frameworks */,
				FD4E546C21D1138300B5A776 /* Quick.framework in Frameworks */,
				FDDB937F21CDA81100B6D5E9 /* ZFileMock.framework in Frameworks */,
				FDDB937A21CDA7FA00B6D5E9 /* ZFile.framework in Frameworks */,
			);
			runOnlyForDeploymentPostprocessing = 0;
		};
		FDDB938121CDA89A00B6D5E9 /* Frameworks */ = {
			isa = PBXFrameworksBuildPhase;
			buildActionMask = 2147483647;
			files = (
				FD4E549221D1147600B5A776 /* ZFileMock.framework in Frameworks */,
				FD4E547721D113C800B5A776 /* Nimble.framework in Frameworks */,
				FD4E547221D113A900B5A776 /* Quick.framework in Frameworks */,
				FDDB938E21CDA8AC00B6D5E9 /* ZFile.framework in Frameworks */,
			);
			runOnlyForDeploymentPostprocessing = 0;
		};
/* End PBXFrameworksBuildPhase section */

/* Begin PBXGroup section */
		FD4E547D21D1140900B5A776 /* HostiOSTests */ = {
			isa = PBXGroup;
			children = (
				FD4E547E21D1140900B5A776 /* AppDelegate.swift */,
				FD4E548021D1140900B5A776 /* ViewController.swift */,
				FD4E548221D1140900B5A776 /* Main.storyboard */,
				FD4E548521D1140B00B5A776 /* Assets.xcassets */,
				FD4E548721D1140B00B5A776 /* LaunchScreen.storyboard */,
				FD4E548A21D1140B00B5A776 /* Info.plist */,
			);
			path = HostiOSTests;
			sourceTree = "<group>";
		};
		FD841DD021D0F61300C8843F /* Sources */ = {
			isa = PBXGroup;
			children = (
				FD4E547D21D1140900B5A776 /* HostiOSTests */,
				FD841DED21D0F61300C8843F /* AutomateZFile */,
			);
			path = Sources;
			sourceTree = "<group>";
		};
		FD841DED21D0F61300C8843F /* AutomateZFile */ = {
			isa = PBXGroup;
			children = (
				FD841DEE21D0F61300C8843F /* AutomateZFile.entitlements */,
				FD841DEF21D0F61300C8843F /* Assets.xcassets */,
				FD841DF021D0F61300C8843F /* AutomateZFileViewController.swift */,
				FD841DF121D0F61300C8843F /* Main.storyboard */,
				FD841DF321D0F61300C8843F /* ZFileSourceryWorker.swift */,
				FD841E2121D103BB00C8843F /* ZFileFolderWorker.swift */,
				FD841DF421D0F61300C8843F /* AppDelegate.swift */,
				FD841DF521D0F61300C8843F /* Info.plist */,
			);
			path = AutomateZFile;
			sourceTree = "<group>";
		};
		FD841E0E21D0F61B00C8843F /* Tests */ = {
			isa = PBXGroup;
			children = (
				FD841E1521D0F61B00C8843F /* ZFileTests */,
			);
			path = Tests;
			sourceTree = "<group>";
		};
		FD841E1521D0F61B00C8843F /* ZFileTests */ = {
			isa = PBXGroup;
			children = (
				FD841E1621D0F61B00C8843F /* ZFileTests.swift */,
				FD841E1721D0F61B00C8843F /* Info.plist */,
			);
			path = ZFileTests;
			sourceTree = "<group>";
		};
		FDB7AA1C21CD84960045DDA8 = {
			isa = PBXGroup;
			children = (
				FDDB933B21CDA62600B6D5E9 /* README.md */,
				FD841DD021D0F61300C8843F /* Sources */,
				FD841E0E21D0F61B00C8843F /* Tests */,
				FDB7AA2621CD84960045DDA8 /* Products */,
				FDDB914C21CD86E100B6D5E9 /* Frameworks */,
				FD4E549521D119D200B5A776 /* template-sourcery */,
				FDE0B74D21D7BDEB0093CBCB /* CupertinoJWT.xcodeproj */,
				FDDB90CD21CD861100B6D5E9 /* 🛣.xcodeproj */,
				FDDB905921CD84E900B6D5E9 /* ZFile.xcodeproj */,
				FDDB91EE21CD8D5900B6D5E9 /* Nimble.xcodeproj */,
				FDDB90E321CD861900B6D5E9 /* Quick.xcodeproj */,
			);
			sourceTree = "<group>";
		};
		FDB7AA2621CD84960045DDA8 /* Products */ = {
			isa = PBXGroup;
			children = (
				FDB7AA2521CD84960045DDA8 /* AutomateZFile.app */,
				FDB7AA3721CD84970045DDA8 /* AutomateZFileTests-macos.xctest */,
				FDDB938421CDA89A00B6D5E9 /* AutomateZFileTests-ios.xctest */,
				FD4E547C21D1140900B5A776 /* HostiOSTests.app */,
			);
			name = Products;
			sourceTree = "<group>";
		};
		FDDB914C21CD86E100B6D5E9 /* Frameworks */ = {
			isa = PBXGroup;
			children = (
			);
			name = Frameworks;
			sourceTree = "<group>";
		};
		FDDB916521CD8D2F00B6D5E9 /* Products */ = {
			isa = PBXGroup;
			children = (
				FDDB917521CD8D2F00B6D5E9 /* Quick.framework */,
				FDDB917721CD8D2F00B6D5E9 /* Quick - macOSTests.xctest */,
				FDDB917921CD8D2F00B6D5E9 /* QuickFocused - macOSTests.xctest */,
				FDDB917B21CD8D2F00B6D5E9 /* QuickAfterSuite - macOSTests.xctest */,
				FDDB917D21CD8D2F00B6D5E9 /* Quick.framework */,
				FDDB917F21CD8D2F00B6D5E9 /* Quick - iOSTests.xctest */,
				FDDB918121CD8D2F00B6D5E9 /* QuickFocused - iOSTests.xctest */,
				FDDB918321CD8D2F00B6D5E9 /* QuickAfterSuite - iOSTests.xctest */,
				FDDB918521CD8D2F00B6D5E9 /* Quick.framework */,
				FDDB918721CD8D2F00B6D5E9 /* Quick - tvOSTests.xctest */,
				FDDB918921CD8D2F00B6D5E9 /* QuickFocused - tvOSTests.xctest */,
				FDDB918B21CD8D2F00B6D5E9 /* QuickAfterSuite - tvOSTests.xctest */,
			);
			name = Products;
			sourceTree = "<group>";
		};
		FDDB91EF21CD8D5900B6D5E9 /* Products */ = {
			isa = PBXGroup;
			children = (
				FDDB91F921CD8D5A00B6D5E9 /* Nimble.framework */,
				FDDB91FB21CD8D5A00B6D5E9 /* NimbleTests.xctest */,
				FDDB91FD21CD8D5A00B6D5E9 /* Nimble.framework */,
				FDDB91FF21CD8D5A00B6D5E9 /* NimbleTests.xctest */,
				FDDB920121CD8D5A00B6D5E9 /* Nimble.framework */,
				FDDB920321CD8D5A00B6D5E9 /* NimbleTests.xctest */,
			);
			name = Products;
			sourceTree = "<group>";
		};
		FDDB92B621CD921C00B6D5E9 /* Products */ = {
			isa = PBXGroup;
			children = (
				FDDB92BD21CD921C00B6D5E9 /* ZFile.framework */,
				FDDB931D21CD96E900B6D5E9 /* ZFileMock.framework */,
				FDDB92C121CD921C00B6D5E9 /* ZFile.framework */,
				FDDB931F21CD96E900B6D5E9 /* ZFileMock.framework */,
				FD841DBB21D0F5EC00C8843F /* FoundationGenericHelper.framework */,
				FD841DBD21D0F5EC00C8843F /* FoundationGenericHelper.framework */,
			);
			name = Products;
			sourceTree = "<group>";
		};
		FDE0B67921D7BC910093CBCB /* Products */ = {
			isa = PBXGroup;
			children = (
				FDE0B69C21D7BC910093CBCB /* Arguments.framework */,
				FDE0B69E21D7BC910093CBCB /* ArgumentsMock.framework */,
				FDE0B6A021D7BC910093CBCB /* SignPost.framework */,
				FDE0B6A221D7BC910093CBCB /* SignPostMock.framework */,
				FDE0B6A421D7BC910093CBCB /* Terminal.framework */,
				FDE0B6A621D7BC910093CBCB /* TerminalMock.framework */,
				FDE0B6A821D7BC910093CBCB /* Task.framework */,
				FDE0B6AA21D7BC910093CBCB /* TaskMock.framework */,
				FDE0B6AC21D7BC910093CBCB /* SourceryAutoProtocols.framework */,
				FDE0B6AE21D7BC910093CBCB /* SourceryAutoProtocols.framework */,
				FDE0B6B021D7BC910093CBCB /* SourceryWorker.framework */,
				FDE0B6B221D7BC910093CBCB /* SourceryWorkerMock.framework */,
				FDE0B6B421D7BC910093CBCB /* POSIX.framework */,
				FDE0B6B621D7BC910093CBCB /* Errors.framework */,
				FDE0B6B821D7BC910093CBCB /* XCBuild.framework */,
				FDE0B6BA21D7BC910093CBCB /* Url.framework */,
				FDE0B6BC21D7BC910093CBCB /* Deliver.framework */,
				FDE0B6BE21D7BC910093CBCB /* Keychain.framework */,
				FDE0B6C021D7BC910093CBCB /* Result.framework */,
				FDE0B6C221D7BC910093CBCB /* TestKit.framework */,
				FDE0B6C421D7BC910093CBCB /* Git.framework */,
				FDE0B6C621D7BC910093CBCB /* ArgumentsTests.xctest */,
				FDE0B6C821D7BC910093CBCB /* DeliverTests.xctest */,
				FDE0B6CA21D7BC910093CBCB /* GitTests.xctest */,
				FDE0B6CC21D7BC910093CBCB /* POSIXTests.xctest */,
				FDE0B6CE21D7BC910093CBCB /* ResultTests.xctest */,
				FDE0B6D021D7BC910093CBCB /* TaskTests.xctest */,
				FDE0B6D221D7BC910093CBCB /* TerminalTests.xctest */,
				FDE0B6D421D7BC910093CBCB /* UrlTests.xctest */,
				FDE0B6D621D7BC910093CBCB /* XCBuildTests.xctest */,
				FDE0B6D821D7BC910093CBCB /* SourceryWorkerTests.xctest */,
				FDE0B6DA21D7BC910093CBCB /* SignPostTests.xctest */,
			);
			name = Products;
			sourceTree = "<group>";
		};
		FDE0B74E21D7BDEB0093CBCB /* Products */ = {
			isa = PBXGroup;
			children = (
				FDE0B75721D7BDEC0093CBCB /* CupertinoJWT.framework */,
				FDE0B75921D7BDEC0093CBCB /* CupertinoJWT Tests.xctest */,
				FDE0B75B21D7BDEC0093CBCB /* CupertinoJWT.framework */,
				FDE0B75D21D7BDEC0093CBCB /* CupertinoJWT.framework */,
				FDE0B75F21D7BDEC0093CBCB /* CupertinoJWT.framework */,
			);
			name = Products;
			sourceTree = "<group>";
		};
/* End PBXGroup section */

/* Begin PBXNativeTarget section */
		FD4E547B21D1140900B5A776 /* HostiOSTests */ = {
			isa = PBXNativeTarget;
			buildConfigurationList = FD4E548B21D1140B00B5A776 /* Build configuration list for PBXNativeTarget "HostiOSTests" */;
			buildPhases = (
				FD4E547821D1140900B5A776 /* Sources */,
				FD4E547921D1140900B5A776 /* Frameworks */,
				FD4E547A21D1140900B5A776 /* Resources */,
			);
			buildRules = (
			);
			dependencies = (
			);
			name = HostiOSTests;
			productName = HostiOSTests;
			productReference = FD4E547C21D1140900B5A776 /* HostiOSTests.app */;
			productType = "com.apple.product-type.application";
		};
		FDB7AA2421CD84960045DDA8 /* AutomateZFile */ = {
			isa = PBXNativeTarget;
			buildConfigurationList = FDB7AA4021CD84970045DDA8 /* Build configuration list for PBXNativeTarget "AutomateZFile" */;
			buildPhases = (
				FDB7AA2121CD84960045DDA8 /* Sources */,
				FDB7AA2221CD84960045DDA8 /* Frameworks */,
				FDB7AA2321CD84960045DDA8 /* Resources */,
				FDDB910F21CD869000B6D5E9 /* Embed Frameworks */,
			);
			buildRules = (
			);
			dependencies = (
				FD4E549421D1178600B5A776 /* PBXTargetDependency */,
				FDE0B71421D7BD2B0093CBCB /* PBXTargetDependency */,
				FDE0B71821D7BD2B0093CBCB /* PBXTargetDependency */,
				FDE0B71C21D7BD2B0093CBCB /* PBXTargetDependency */,
				FDE0B72021D7BD2B0093CBCB /* PBXTargetDependency */,
				FDE0B72421D7BD2B0093CBCB /* PBXTargetDependency */,
				FDE0B72821D7BD2B0093CBCB /* PBXTargetDependency */,
				FDE0B72C21D7BD2B0093CBCB /* PBXTargetDependency */,
				FDE0B73021D7BD2B0093CBCB /* PBXTargetDependency */,
				FDE0B73421D7BD2B0093CBCB /* PBXTargetDependency */,
				FDE0B73821D7BD2B0093CBCB /* PBXTargetDependency */,
				FDE0B73C21D7BD2B0093CBCB /* PBXTargetDependency */,
				FDE0B74021D7BD2B0093CBCB /* PBXTargetDependency */,
				FDE0B74821D7BD2B0093CBCB /* PBXTargetDependency */,
				FDE0B74C21D7BD2B0093CBCB /* PBXTargetDependency */,
				FDE0B76321D7BE090093CBCB /* PBXTargetDependency */,
			);
			name = AutomateZFile;
			productName = AutomateZFile;
			productReference = FDB7AA2521CD84960045DDA8 /* AutomateZFile.app */;
			productType = "com.apple.product-type.application";
		};
		FDB7AA3621CD84970045DDA8 /* AutomateZFileTests-macos */ = {
			isa = PBXNativeTarget;
			buildConfigurationList = FDB7AA4321CD84970045DDA8 /* Build configuration list for PBXNativeTarget "AutomateZFileTests-macos" */;
			buildPhases = (
				FDB7AA3321CD84970045DDA8 /* Sources */,
				FDB7AA3421CD84970045DDA8 /* Frameworks */,
				FDB7AA3521CD84970045DDA8 /* Resources */,
			);
			buildRules = (
			);
			dependencies = (
				FD4E546E21D1138A00B5A776 /* PBXTargetDependency */,
				FD4E546B21D1137D00B5A776 /* PBXTargetDependency */,
				FDDB937E21CDA80800B6D5E9 /* PBXTargetDependency */,
				FDDB937921CDA7EC00B6D5E9 /* PBXTargetDependency */,
				FDB7AA3921CD84970045DDA8 /* PBXTargetDependency */,
			);
			name = "AutomateZFileTests-macos";
			productName = AutomateZFileTests;
			productReference = FDB7AA3721CD84970045DDA8 /* AutomateZFileTests-macos.xctest */;
			productType = "com.apple.product-type.bundle.unit-test";
		};
		FDDB938321CDA89A00B6D5E9 /* AutomateZFileTests-ios */ = {
			isa = PBXNativeTarget;
			buildConfigurationList = FDDB938921CDA89A00B6D5E9 /* Build configuration list for PBXNativeTarget "AutomateZFileTests-ios" */;
			buildPhases = (
				FDDB938021CDA89A00B6D5E9 /* Sources */,
				FDDB938121CDA89A00B6D5E9 /* Frameworks */,
				FDDB938221CDA89A00B6D5E9 /* Resources */,
			);
			buildRules = (
			);
			dependencies = (
				FDDB938D21CDA8A400B6D5E9 /* PBXTargetDependency */,
				FD4E549121D1146700B5A776 /* PBXTargetDependency */,
				FD4E547621D113BF00B5A776 /* PBXTargetDependency */,
				FD4E547121D1139F00B5A776 /* PBXTargetDependency */,
				FD4E548F21D1143600B5A776 /* PBXTargetDependency */,
			);
			name = "AutomateZFileTests-ios";
			productName = "AutomateZFile-iosTests";
			productReference = FDDB938421CDA89A00B6D5E9 /* AutomateZFileTests-ios.xctest */;
			productType = "com.apple.product-type.bundle.unit-test";
		};
/* End PBXNativeTarget section */

/* Begin PBXProject section */
		FDB7AA1D21CD84960045DDA8 /* Project object */ = {
			isa = PBXProject;
			attributes = {
				LastSwiftUpdateCheck = 1010;
				LastUpgradeCheck = 1010;
				ORGANIZATIONNAME = dooz;
				TargetAttributes = {
					FD4E547B21D1140900B5A776 = {
						CreatedOnToolsVersion = 10.1;
					};
					FDB7AA2421CD84960045DDA8 = {
						CreatedOnToolsVersion = 10.1;
					};
					FDB7AA3621CD84970045DDA8 = {
						CreatedOnToolsVersion = 10.1;
						TestTargetID = FDB7AA2421CD84960045DDA8;
					};
					FDDB938321CDA89A00B6D5E9 = {
						CreatedOnToolsVersion = 10.1;
						TestTargetID = FD4E547B21D1140900B5A776;
					};
				};
			};
			buildConfigurationList = FDB7AA2021CD84960045DDA8 /* Build configuration list for PBXProject "AutomateZFile" */;
			compatibilityVersion = "Xcode 9.3";
			developmentRegion = en;
			hasScannedForEncodings = 0;
			knownRegions = (
				en,
				Base,
			);
			mainGroup = FDB7AA1C21CD84960045DDA8;
			productRefGroup = FDB7AA2621CD84960045DDA8 /* Products */;
			projectDirPath = "";
			projectReferences = (
				{
					ProductGroup = FDE0B74E21D7BDEB0093CBCB /* Products */;
					ProjectRef = FDE0B74D21D7BDEB0093CBCB /* CupertinoJWT.xcodeproj */;
				},
				{
					ProductGroup = FDDB91EF21CD8D5900B6D5E9 /* Products */;
					ProjectRef = FDDB91EE21CD8D5900B6D5E9 /* Nimble.xcodeproj */;
				},
				{
					ProductGroup = FDDB916521CD8D2F00B6D5E9 /* Products */;
					ProjectRef = FDDB90E321CD861900B6D5E9 /* Quick.xcodeproj */;
				},
				{
					ProductGroup = FDDB92B621CD921C00B6D5E9 /* Products */;
					ProjectRef = FDDB905921CD84E900B6D5E9 /* ZFile.xcodeproj */;
				},
				{
					ProductGroup = FDE0B67921D7BC910093CBCB /* Products */;
					ProjectRef = FDDB90CD21CD861100B6D5E9 /* 🛣.xcodeproj */;
				},
			);
			projectRoot = "";
			targets = (
				FDB7AA2421CD84960045DDA8 /* AutomateZFile */,
				FDB7AA3621CD84970045DDA8 /* AutomateZFileTests-macos */,
				FDDB938321CDA89A00B6D5E9 /* AutomateZFileTests-ios */,
				FD4E547B21D1140900B5A776 /* HostiOSTests */,
			);
		};
/* End PBXProject section */

/* Begin PBXReferenceProxy section */
		FD841DBB21D0F5EC00C8843F /* FoundationGenericHelper.framework */ = {
			isa = PBXReferenceProxy;
			fileType = wrapper.framework;
			path = FoundationGenericHelper.framework;
			remoteRef = FD841DBA21D0F5EC00C8843F /* PBXContainerItemProxy */;
			sourceTree = BUILT_PRODUCTS_DIR;
		};
		FD841DBD21D0F5EC00C8843F /* FoundationGenericHelper.framework */ = {
			isa = PBXReferenceProxy;
			fileType = wrapper.framework;
			path = FoundationGenericHelper.framework;
			remoteRef = FD841DBC21D0F5EC00C8843F /* PBXContainerItemProxy */;
			sourceTree = BUILT_PRODUCTS_DIR;
		};
		FDDB917521CD8D2F00B6D5E9 /* Quick.framework */ = {
			isa = PBXReferenceProxy;
			fileType = wrapper.framework;
			path = Quick.framework;
			remoteRef = FDDB917421CD8D2F00B6D5E9 /* PBXContainerItemProxy */;
			sourceTree = BUILT_PRODUCTS_DIR;
		};
		FDDB917721CD8D2F00B6D5E9 /* Quick - macOSTests.xctest */ = {
			isa = PBXReferenceProxy;
			fileType = wrapper.cfbundle;
			path = "Quick - macOSTests.xctest";
			remoteRef = FDDB917621CD8D2F00B6D5E9 /* PBXContainerItemProxy */;
			sourceTree = BUILT_PRODUCTS_DIR;
		};
		FDDB917921CD8D2F00B6D5E9 /* QuickFocused - macOSTests.xctest */ = {
			isa = PBXReferenceProxy;
			fileType = wrapper.cfbundle;
			path = "QuickFocused - macOSTests.xctest";
			remoteRef = FDDB917821CD8D2F00B6D5E9 /* PBXContainerItemProxy */;
			sourceTree = BUILT_PRODUCTS_DIR;
		};
		FDDB917B21CD8D2F00B6D5E9 /* QuickAfterSuite - macOSTests.xctest */ = {
			isa = PBXReferenceProxy;
			fileType = wrapper.cfbundle;
			path = "QuickAfterSuite - macOSTests.xctest";
			remoteRef = FDDB917A21CD8D2F00B6D5E9 /* PBXContainerItemProxy */;
			sourceTree = BUILT_PRODUCTS_DIR;
		};
		FDDB917D21CD8D2F00B6D5E9 /* Quick.framework */ = {
			isa = PBXReferenceProxy;
			fileType = wrapper.framework;
			path = Quick.framework;
			remoteRef = FDDB917C21CD8D2F00B6D5E9 /* PBXContainerItemProxy */;
			sourceTree = BUILT_PRODUCTS_DIR;
		};
		FDDB917F21CD8D2F00B6D5E9 /* Quick - iOSTests.xctest */ = {
			isa = PBXReferenceProxy;
			fileType = wrapper.cfbundle;
			path = "Quick - iOSTests.xctest";
			remoteRef = FDDB917E21CD8D2F00B6D5E9 /* PBXContainerItemProxy */;
			sourceTree = BUILT_PRODUCTS_DIR;
		};
		FDDB918121CD8D2F00B6D5E9 /* QuickFocused - iOSTests.xctest */ = {
			isa = PBXReferenceProxy;
			fileType = wrapper.cfbundle;
			path = "QuickFocused - iOSTests.xctest";
			remoteRef = FDDB918021CD8D2F00B6D5E9 /* PBXContainerItemProxy */;
			sourceTree = BUILT_PRODUCTS_DIR;
		};
		FDDB918321CD8D2F00B6D5E9 /* QuickAfterSuite - iOSTests.xctest */ = {
			isa = PBXReferenceProxy;
			fileType = wrapper.cfbundle;
			path = "QuickAfterSuite - iOSTests.xctest";
			remoteRef = FDDB918221CD8D2F00B6D5E9 /* PBXContainerItemProxy */;
			sourceTree = BUILT_PRODUCTS_DIR;
		};
		FDDB918521CD8D2F00B6D5E9 /* Quick.framework */ = {
			isa = PBXReferenceProxy;
			fileType = wrapper.framework;
			path = Quick.framework;
			remoteRef = FDDB918421CD8D2F00B6D5E9 /* PBXContainerItemProxy */;
			sourceTree = BUILT_PRODUCTS_DIR;
		};
		FDDB918721CD8D2F00B6D5E9 /* Quick - tvOSTests.xctest */ = {
			isa = PBXReferenceProxy;
			fileType = wrapper.cfbundle;
			path = "Quick - tvOSTests.xctest";
			remoteRef = FDDB918621CD8D2F00B6D5E9 /* PBXContainerItemProxy */;
			sourceTree = BUILT_PRODUCTS_DIR;
		};
		FDDB918921CD8D2F00B6D5E9 /* QuickFocused - tvOSTests.xctest */ = {
			isa = PBXReferenceProxy;
			fileType = wrapper.cfbundle;
			path = "QuickFocused - tvOSTests.xctest";
			remoteRef = FDDB918821CD8D2F00B6D5E9 /* PBXContainerItemProxy */;
			sourceTree = BUILT_PRODUCTS_DIR;
		};
		FDDB918B21CD8D2F00B6D5E9 /* QuickAfterSuite - tvOSTests.xctest */ = {
			isa = PBXReferenceProxy;
			fileType = wrapper.cfbundle;
			path = "QuickAfterSuite - tvOSTests.xctest";
			remoteRef = FDDB918A21CD8D2F00B6D5E9 /* PBXContainerItemProxy */;
			sourceTree = BUILT_PRODUCTS_DIR;
		};
		FDDB91F921CD8D5A00B6D5E9 /* Nimble.framework */ = {
			isa = PBXReferenceProxy;
			fileType = wrapper.framework;
			path = Nimble.framework;
			remoteRef = FDDB91F821CD8D5A00B6D5E9 /* PBXContainerItemProxy */;
			sourceTree = BUILT_PRODUCTS_DIR;
		};
		FDDB91FB21CD8D5A00B6D5E9 /* NimbleTests.xctest */ = {
			isa = PBXReferenceProxy;
			fileType = wrapper.cfbundle;
			path = NimbleTests.xctest;
			remoteRef = FDDB91FA21CD8D5A00B6D5E9 /* PBXContainerItemProxy */;
			sourceTree = BUILT_PRODUCTS_DIR;
		};
		FDDB91FD21CD8D5A00B6D5E9 /* Nimble.framework */ = {
			isa = PBXReferenceProxy;
			fileType = wrapper.framework;
			path = Nimble.framework;
			remoteRef = FDDB91FC21CD8D5A00B6D5E9 /* PBXContainerItemProxy */;
			sourceTree = BUILT_PRODUCTS_DIR;
		};
		FDDB91FF21CD8D5A00B6D5E9 /* NimbleTests.xctest */ = {
			isa = PBXReferenceProxy;
			fileType = wrapper.cfbundle;
			path = NimbleTests.xctest;
			remoteRef = FDDB91FE21CD8D5A00B6D5E9 /* PBXContainerItemProxy */;
			sourceTree = BUILT_PRODUCTS_DIR;
		};
		FDDB920121CD8D5A00B6D5E9 /* Nimble.framework */ = {
			isa = PBXReferenceProxy;
			fileType = wrapper.framework;
			path = Nimble.framework;
			remoteRef = FDDB920021CD8D5A00B6D5E9 /* PBXContainerItemProxy */;
			sourceTree = BUILT_PRODUCTS_DIR;
		};
		FDDB920321CD8D5A00B6D5E9 /* NimbleTests.xctest */ = {
			isa = PBXReferenceProxy;
			fileType = wrapper.cfbundle;
			path = NimbleTests.xctest;
			remoteRef = FDDB920221CD8D5A00B6D5E9 /* PBXContainerItemProxy */;
			sourceTree = BUILT_PRODUCTS_DIR;
		};
		FDDB92BD21CD921C00B6D5E9 /* ZFile.framework */ = {
			isa = PBXReferenceProxy;
			fileType = wrapper.framework;
			path = ZFile.framework;
			remoteRef = FDDB92BC21CD921C00B6D5E9 /* PBXContainerItemProxy */;
			sourceTree = BUILT_PRODUCTS_DIR;
		};
		FDDB92C121CD921C00B6D5E9 /* ZFile.framework */ = {
			isa = PBXReferenceProxy;
			fileType = wrapper.framework;
			path = ZFile.framework;
			remoteRef = FDDB92C021CD921C00B6D5E9 /* PBXContainerItemProxy */;
			sourceTree = BUILT_PRODUCTS_DIR;
		};
		FDDB931D21CD96E900B6D5E9 /* ZFileMock.framework */ = {
			isa = PBXReferenceProxy;
			fileType = wrapper.framework;
			path = ZFileMock.framework;
			remoteRef = FDDB931C21CD96E900B6D5E9 /* PBXContainerItemProxy */;
			sourceTree = BUILT_PRODUCTS_DIR;
		};
		FDDB931F21CD96E900B6D5E9 /* ZFileMock.framework */ = {
			isa = PBXReferenceProxy;
			fileType = wrapper.framework;
			path = ZFileMock.framework;
			remoteRef = FDDB931E21CD96E900B6D5E9 /* PBXContainerItemProxy */;
			sourceTree = BUILT_PRODUCTS_DIR;
		};
		FDE0B69C21D7BC910093CBCB /* Arguments.framework */ = {
			isa = PBXReferenceProxy;
			fileType = wrapper.framework;
			path = Arguments.framework;
			remoteRef = FDE0B69B21D7BC910093CBCB /* PBXContainerItemProxy */;
			sourceTree = BUILT_PRODUCTS_DIR;
		};
		FDE0B69E21D7BC910093CBCB /* ArgumentsMock.framework */ = {
			isa = PBXReferenceProxy;
			fileType = wrapper.framework;
			path = ArgumentsMock.framework;
			remoteRef = FDE0B69D21D7BC910093CBCB /* PBXContainerItemProxy */;
			sourceTree = BUILT_PRODUCTS_DIR;
		};
		FDE0B6A021D7BC910093CBCB /* SignPost.framework */ = {
			isa = PBXReferenceProxy;
			fileType = wrapper.framework;
			path = SignPost.framework;
			remoteRef = FDE0B69F21D7BC910093CBCB /* PBXContainerItemProxy */;
			sourceTree = BUILT_PRODUCTS_DIR;
		};
		FDE0B6A221D7BC910093CBCB /* SignPostMock.framework */ = {
			isa = PBXReferenceProxy;
			fileType = wrapper.framework;
			path = SignPostMock.framework;
			remoteRef = FDE0B6A121D7BC910093CBCB /* PBXContainerItemProxy */;
			sourceTree = BUILT_PRODUCTS_DIR;
		};
		FDE0B6A421D7BC910093CBCB /* Terminal.framework */ = {
			isa = PBXReferenceProxy;
			fileType = wrapper.framework;
			path = Terminal.framework;
			remoteRef = FDE0B6A321D7BC910093CBCB /* PBXContainerItemProxy */;
			sourceTree = BUILT_PRODUCTS_DIR;
		};
		FDE0B6A621D7BC910093CBCB /* TerminalMock.framework */ = {
			isa = PBXReferenceProxy;
			fileType = wrapper.framework;
			path = TerminalMock.framework;
			remoteRef = FDE0B6A521D7BC910093CBCB /* PBXContainerItemProxy */;
			sourceTree = BUILT_PRODUCTS_DIR;
		};
		FDE0B6A821D7BC910093CBCB /* Task.framework */ = {
			isa = PBXReferenceProxy;
			fileType = wrapper.framework;
			path = Task.framework;
			remoteRef = FDE0B6A721D7BC910093CBCB /* PBXContainerItemProxy */;
			sourceTree = BUILT_PRODUCTS_DIR;
		};
		FDE0B6AA21D7BC910093CBCB /* TaskMock.framework */ = {
			isa = PBXReferenceProxy;
			fileType = wrapper.framework;
			path = TaskMock.framework;
			remoteRef = FDE0B6A921D7BC910093CBCB /* PBXContainerItemProxy */;
			sourceTree = BUILT_PRODUCTS_DIR;
		};
		FDE0B6AC21D7BC910093CBCB /* SourceryAutoProtocols.framework */ = {
			isa = PBXReferenceProxy;
			fileType = wrapper.framework;
			path = SourceryAutoProtocols.framework;
			remoteRef = FDE0B6AB21D7BC910093CBCB /* PBXContainerItemProxy */;
			sourceTree = BUILT_PRODUCTS_DIR;
		};
		FDE0B6AE21D7BC910093CBCB /* SourceryAutoProtocols.framework */ = {
			isa = PBXReferenceProxy;
			fileType = wrapper.framework;
			path = SourceryAutoProtocols.framework;
			remoteRef = FDE0B6AD21D7BC910093CBCB /* PBXContainerItemProxy */;
			sourceTree = BUILT_PRODUCTS_DIR;
		};
		FDE0B6B021D7BC910093CBCB /* SourceryWorker.framework */ = {
			isa = PBXReferenceProxy;
			fileType = wrapper.framework;
			path = SourceryWorker.framework;
			remoteRef = FDE0B6AF21D7BC910093CBCB /* PBXContainerItemProxy */;
			sourceTree = BUILT_PRODUCTS_DIR;
		};
		FDE0B6B221D7BC910093CBCB /* SourceryWorkerMock.framework */ = {
			isa = PBXReferenceProxy;
			fileType = wrapper.framework;
			path = SourceryWorkerMock.framework;
			remoteRef = FDE0B6B121D7BC910093CBCB /* PBXContainerItemProxy */;
			sourceTree = BUILT_PRODUCTS_DIR;
		};
		FDE0B6B421D7BC910093CBCB /* POSIX.framework */ = {
			isa = PBXReferenceProxy;
			fileType = wrapper.framework;
			path = POSIX.framework;
			remoteRef = FDE0B6B321D7BC910093CBCB /* PBXContainerItemProxy */;
			sourceTree = BUILT_PRODUCTS_DIR;
		};
		FDE0B6B621D7BC910093CBCB /* Errors.framework */ = {
			isa = PBXReferenceProxy;
			fileType = wrapper.framework;
			path = Errors.framework;
			remoteRef = FDE0B6B521D7BC910093CBCB /* PBXContainerItemProxy */;
			sourceTree = BUILT_PRODUCTS_DIR;
		};
		FDE0B6B821D7BC910093CBCB /* XCBuild.framework */ = {
			isa = PBXReferenceProxy;
			fileType = wrapper.framework;
			path = XCBuild.framework;
			remoteRef = FDE0B6B721D7BC910093CBCB /* PBXContainerItemProxy */;
			sourceTree = BUILT_PRODUCTS_DIR;
		};
		FDE0B6BA21D7BC910093CBCB /* Url.framework */ = {
			isa = PBXReferenceProxy;
			fileType = wrapper.framework;
			path = Url.framework;
			remoteRef = FDE0B6B921D7BC910093CBCB /* PBXContainerItemProxy */;
			sourceTree = BUILT_PRODUCTS_DIR;
		};
		FDE0B6BC21D7BC910093CBCB /* Deliver.framework */ = {
			isa = PBXReferenceProxy;
			fileType = wrapper.framework;
			path = Deliver.framework;
			remoteRef = FDE0B6BB21D7BC910093CBCB /* PBXContainerItemProxy */;
			sourceTree = BUILT_PRODUCTS_DIR;
		};
		FDE0B6BE21D7BC910093CBCB /* Keychain.framework */ = {
			isa = PBXReferenceProxy;
			fileType = wrapper.framework;
			path = Keychain.framework;
			remoteRef = FDE0B6BD21D7BC910093CBCB /* PBXContainerItemProxy */;
			sourceTree = BUILT_PRODUCTS_DIR;
		};
		FDE0B6C021D7BC910093CBCB /* Result.framework */ = {
			isa = PBXReferenceProxy;
			fileType = wrapper.framework;
			path = Result.framework;
			remoteRef = FDE0B6BF21D7BC910093CBCB /* PBXContainerItemProxy */;
			sourceTree = BUILT_PRODUCTS_DIR;
		};
		FDE0B6C221D7BC910093CBCB /* TestKit.framework */ = {
			isa = PBXReferenceProxy;
			fileType = wrapper.framework;
			path = TestKit.framework;
			remoteRef = FDE0B6C121D7BC910093CBCB /* PBXContainerItemProxy */;
			sourceTree = BUILT_PRODUCTS_DIR;
		};
		FDE0B6C421D7BC910093CBCB /* Git.framework */ = {
			isa = PBXReferenceProxy;
			fileType = wrapper.framework;
			path = Git.framework;
			remoteRef = FDE0B6C321D7BC910093CBCB /* PBXContainerItemProxy */;
			sourceTree = BUILT_PRODUCTS_DIR;
		};
		FDE0B6C621D7BC910093CBCB /* ArgumentsTests.xctest */ = {
			isa = PBXReferenceProxy;
			fileType = wrapper.cfbundle;
			path = ArgumentsTests.xctest;
			remoteRef = FDE0B6C521D7BC910093CBCB /* PBXContainerItemProxy */;
			sourceTree = BUILT_PRODUCTS_DIR;
		};
		FDE0B6C821D7BC910093CBCB /* DeliverTests.xctest */ = {
			isa = PBXReferenceProxy;
			fileType = wrapper.cfbundle;
			path = DeliverTests.xctest;
			remoteRef = FDE0B6C721D7BC910093CBCB /* PBXContainerItemProxy */;
			sourceTree = BUILT_PRODUCTS_DIR;
		};
		FDE0B6CA21D7BC910093CBCB /* GitTests.xctest */ = {
			isa = PBXReferenceProxy;
			fileType = wrapper.cfbundle;
			path = GitTests.xctest;
			remoteRef = FDE0B6C921D7BC910093CBCB /* PBXContainerItemProxy */;
			sourceTree = BUILT_PRODUCTS_DIR;
		};
		FDE0B6CC21D7BC910093CBCB /* POSIXTests.xctest */ = {
			isa = PBXReferenceProxy;
			fileType = wrapper.cfbundle;
			path = POSIXTests.xctest;
			remoteRef = FDE0B6CB21D7BC910093CBCB /* PBXContainerItemProxy */;
			sourceTree = BUILT_PRODUCTS_DIR;
		};
		FDE0B6CE21D7BC910093CBCB /* ResultTests.xctest */ = {
			isa = PBXReferenceProxy;
			fileType = wrapper.cfbundle;
			path = ResultTests.xctest;
			remoteRef = FDE0B6CD21D7BC910093CBCB /* PBXContainerItemProxy */;
			sourceTree = BUILT_PRODUCTS_DIR;
		};
		FDE0B6D021D7BC910093CBCB /* TaskTests.xctest */ = {
			isa = PBXReferenceProxy;
			fileType = wrapper.cfbundle;
			path = TaskTests.xctest;
			remoteRef = FDE0B6CF21D7BC910093CBCB /* PBXContainerItemProxy */;
			sourceTree = BUILT_PRODUCTS_DIR;
		};
		FDE0B6D221D7BC910093CBCB /* TerminalTests.xctest */ = {
			isa = PBXReferenceProxy;
			fileType = wrapper.cfbundle;
			path = TerminalTests.xctest;
			remoteRef = FDE0B6D121D7BC910093CBCB /* PBXContainerItemProxy */;
			sourceTree = BUILT_PRODUCTS_DIR;
		};
		FDE0B6D421D7BC910093CBCB /* UrlTests.xctest */ = {
			isa = PBXReferenceProxy;
			fileType = wrapper.cfbundle;
			path = UrlTests.xctest;
			remoteRef = FDE0B6D321D7BC910093CBCB /* PBXContainerItemProxy */;
			sourceTree = BUILT_PRODUCTS_DIR;
		};
		FDE0B6D621D7BC910093CBCB /* XCBuildTests.xctest */ = {
			isa = PBXReferenceProxy;
			fileType = wrapper.cfbundle;
			path = XCBuildTests.xctest;
			remoteRef = FDE0B6D521D7BC910093CBCB /* PBXContainerItemProxy */;
			sourceTree = BUILT_PRODUCTS_DIR;
		};
		FDE0B6D821D7BC910093CBCB /* SourceryWorkerTests.xctest */ = {
			isa = PBXReferenceProxy;
			fileType = wrapper.cfbundle;
			path = SourceryWorkerTests.xctest;
			remoteRef = FDE0B6D721D7BC910093CBCB /* PBXContainerItemProxy */;
			sourceTree = BUILT_PRODUCTS_DIR;
		};
		FDE0B6DA21D7BC910093CBCB /* SignPostTests.xctest */ = {
			isa = PBXReferenceProxy;
			fileType = wrapper.cfbundle;
			path = SignPostTests.xctest;
			remoteRef = FDE0B6D921D7BC910093CBCB /* PBXContainerItemProxy */;
			sourceTree = BUILT_PRODUCTS_DIR;
		};
		FDE0B75721D7BDEC0093CBCB /* CupertinoJWT.framework */ = {
			isa = PBXReferenceProxy;
			fileType = wrapper.framework;
			path = CupertinoJWT.framework;
			remoteRef = FDE0B75621D7BDEC0093CBCB /* PBXContainerItemProxy */;
			sourceTree = BUILT_PRODUCTS_DIR;
		};
		FDE0B75921D7BDEC0093CBCB /* CupertinoJWT Tests.xctest */ = {
			isa = PBXReferenceProxy;
			fileType = wrapper.cfbundle;
			path = "CupertinoJWT Tests.xctest";
			remoteRef = FDE0B75821D7BDEC0093CBCB /* PBXContainerItemProxy */;
			sourceTree = BUILT_PRODUCTS_DIR;
		};
		FDE0B75B21D7BDEC0093CBCB /* CupertinoJWT.framework */ = {
			isa = PBXReferenceProxy;
			fileType = wrapper.framework;
			path = CupertinoJWT.framework;
			remoteRef = FDE0B75A21D7BDEC0093CBCB /* PBXContainerItemProxy */;
			sourceTree = BUILT_PRODUCTS_DIR;
		};
		FDE0B75D21D7BDEC0093CBCB /* CupertinoJWT.framework */ = {
			isa = PBXReferenceProxy;
			fileType = wrapper.framework;
			path = CupertinoJWT.framework;
			remoteRef = FDE0B75C21D7BDEC0093CBCB /* PBXContainerItemProxy */;
			sourceTree = BUILT_PRODUCTS_DIR;
		};
		FDE0B75F21D7BDEC0093CBCB /* CupertinoJWT.framework */ = {
			isa = PBXReferenceProxy;
			fileType = wrapper.framework;
			path = CupertinoJWT.framework;
			remoteRef = FDE0B75E21D7BDEC0093CBCB /* PBXContainerItemProxy */;
			sourceTree = BUILT_PRODUCTS_DIR;
		};
/* End PBXReferenceProxy section */

/* Begin PBXResourcesBuildPhase section */
		FD4E547A21D1140900B5A776 /* Resources */ = {
			isa = PBXResourcesBuildPhase;
			buildActionMask = 2147483647;
			files = (
				FD4E548921D1140B00B5A776 /* LaunchScreen.storyboard in Resources */,
				FD4E548621D1140B00B5A776 /* Assets.xcassets in Resources */,
				FD4E548421D1140900B5A776 /* Main.storyboard in Resources */,
			);
			runOnlyForDeploymentPostprocessing = 0;
		};
		FDB7AA2321CD84960045DDA8 /* Resources */ = {
			isa = PBXResourcesBuildPhase;
			buildActionMask = 2147483647;
			files = (
				FD841E0A21D0F61300C8843F /* Main.storyboard in Resources */,
				FD841E0821D0F61300C8843F /* Assets.xcassets in Resources */,
			);
			runOnlyForDeploymentPostprocessing = 0;
		};
		FDB7AA3521CD84970045DDA8 /* Resources */ = {
			isa = PBXResourcesBuildPhase;
			buildActionMask = 2147483647;
			files = (
			);
			runOnlyForDeploymentPostprocessing = 0;
		};
		FDDB938221CDA89A00B6D5E9 /* Resources */ = {
			isa = PBXResourcesBuildPhase;
			buildActionMask = 2147483647;
			files = (
			);
			runOnlyForDeploymentPostprocessing = 0;
		};
/* End PBXResourcesBuildPhase section */

/* Begin PBXSourcesBuildPhase section */
		FD4E547821D1140900B5A776 /* Sources */ = {
			isa = PBXSourcesBuildPhase;
			buildActionMask = 2147483647;
			files = (
				FD4E548121D1140900B5A776 /* ViewController.swift in Sources */,
				FD4E547F21D1140900B5A776 /* AppDelegate.swift in Sources */,
			);
			runOnlyForDeploymentPostprocessing = 0;
		};
		FDB7AA2121CD84960045DDA8 /* Sources */ = {
			isa = PBXSourcesBuildPhase;
			buildActionMask = 2147483647;
			files = (
				FD841E0B21D0F61300C8843F /* ZFileSourceryWorker.swift in Sources */,
				FD841E0C21D0F61300C8843F /* AppDelegate.swift in Sources */,
				FD841E2221D103BB00C8843F /* ZFileFolderWorker.swift in Sources */,
				FD841E0921D0F61300C8843F /* AutomateZFileViewController.swift in Sources */,
			);
			runOnlyForDeploymentPostprocessing = 0;
		};
		FDB7AA3321CD84970045DDA8 /* Sources */ = {
			isa = PBXSourcesBuildPhase;
			buildActionMask = 2147483647;
			files = (
				FD841E2021D0F6B900C8843F /* ZFileTests.swift in Sources */,
			);
			runOnlyForDeploymentPostprocessing = 0;
		};
		FDDB938021CDA89A00B6D5E9 /* Sources */ = {
			isa = PBXSourcesBuildPhase;
			buildActionMask = 2147483647;
			files = (
				FD4E546921D1137200B5A776 /* ZFileTests.swift in Sources */,
			);
			runOnlyForDeploymentPostprocessing = 0;
		};
/* End PBXSourcesBuildPhase section */

/* Begin PBXTargetDependency section */
		FD4E546B21D1137D00B5A776 /* PBXTargetDependency */ = {
			isa = PBXTargetDependency;
			name = "Quick-macOS";
			targetProxy = FD4E546A21D1137D00B5A776 /* PBXContainerItemProxy */;
		};
		FD4E546E21D1138A00B5A776 /* PBXTargetDependency */ = {
			isa = PBXTargetDependency;
			name = "Nimble-macOS";
			targetProxy = FD4E546D21D1138A00B5A776 /* PBXContainerItemProxy */;
		};
		FD4E547121D1139F00B5A776 /* PBXTargetDependency */ = {
			isa = PBXTargetDependency;
			name = "Quick-iOS";
			targetProxy = FD4E547021D1139F00B5A776 /* PBXContainerItemProxy */;
		};
		FD4E547621D113BF00B5A776 /* PBXTargetDependency */ = {
			isa = PBXTargetDependency;
			name = "Nimble-iOS";
			targetProxy = FD4E547521D113BF00B5A776 /* PBXContainerItemProxy */;
		};
		FD4E548F21D1143600B5A776 /* PBXTargetDependency */ = {
			isa = PBXTargetDependency;
			target = FD4E547B21D1140900B5A776 /* HostiOSTests */;
			targetProxy = FD4E548E21D1143600B5A776 /* PBXContainerItemProxy */;
		};
		FD4E549121D1146700B5A776 /* PBXTargetDependency */ = {
			isa = PBXTargetDependency;
			name = "ZFileMock-ios";
			targetProxy = FD4E549021D1146700B5A776 /* PBXContainerItemProxy */;
		};
		FD4E549421D1178600B5A776 /* PBXTargetDependency */ = {
			isa = PBXTargetDependency;
			name = "ZFile-macos";
			targetProxy = FD4E549321D1178600B5A776 /* PBXContainerItemProxy */;
		};
		FDB7AA3921CD84970045DDA8 /* PBXTargetDependency */ = {
			isa = PBXTargetDependency;
			target = FDB7AA2421CD84960045DDA8 /* AutomateZFile */;
			targetProxy = FDB7AA3821CD84970045DDA8 /* PBXContainerItemProxy */;
		};
		FDDB937921CDA7EC00B6D5E9 /* PBXTargetDependency */ = {
			isa = PBXTargetDependency;
			name = "ZFile-macos";
			targetProxy = FDDB937821CDA7EC00B6D5E9 /* PBXContainerItemProxy */;
		};
		FDDB937E21CDA80800B6D5E9 /* PBXTargetDependency */ = {
			isa = PBXTargetDependency;
			name = "ZFileMock-macos";
			targetProxy = FDDB937D21CDA80800B6D5E9 /* PBXContainerItemProxy */;
		};
		FDDB938D21CDA8A400B6D5E9 /* PBXTargetDependency */ = {
			isa = PBXTargetDependency;
			name = "ZFile-iOS";
			targetProxy = FDDB938C21CDA8A400B6D5E9 /* PBXContainerItemProxy */;
		};
		FDE0B71421D7BD2B0093CBCB /* PBXTargetDependency */ = {
			isa = PBXTargetDependency;
			name = Arguments;
			targetProxy = FDE0B71321D7BD2B0093CBCB /* PBXContainerItemProxy */;
		};
		FDE0B71821D7BD2B0093CBCB /* PBXTargetDependency */ = {
			isa = PBXTargetDependency;
			name = Keychain;
			targetProxy = FDE0B71721D7BD2B0093CBCB /* PBXContainerItemProxy */;
		};
		FDE0B71C21D7BD2B0093CBCB /* PBXTargetDependency */ = {
			isa = PBXTargetDependency;
			name = Terminal;
			targetProxy = FDE0B71B21D7BD2B0093CBCB /* PBXContainerItemProxy */;
		};
		FDE0B72021D7BD2B0093CBCB /* PBXTargetDependency */ = {
			isa = PBXTargetDependency;
			name = POSIX;
			targetProxy = FDE0B71F21D7BD2B0093CBCB /* PBXContainerItemProxy */;
		};
		FDE0B72421D7BD2B0093CBCB /* PBXTargetDependency */ = {
			isa = PBXTargetDependency;
			name = XCBuild;
			targetProxy = FDE0B72321D7BD2B0093CBCB /* PBXContainerItemProxy */;
		};
		FDE0B72821D7BD2B0093CBCB /* PBXTargetDependency */ = {
			isa = PBXTargetDependency;
			name = Result;
			targetProxy = FDE0B72721D7BD2B0093CBCB /* PBXContainerItemProxy */;
		};
		FDE0B72C21D7BD2B0093CBCB /* PBXTargetDependency */ = {
			isa = PBXTargetDependency;
			name = Errors;
			targetProxy = FDE0B72B21D7BD2B0093CBCB /* PBXContainerItemProxy */;
		};
		FDE0B73021D7BD2B0093CBCB /* PBXTargetDependency */ = {
			isa = PBXTargetDependency;
			name = "SourceryAutoProtocols-macos";
			targetProxy = FDE0B72F21D7BD2B0093CBCB /* PBXContainerItemProxy */;
		};
		FDE0B73421D7BD2B0093CBCB /* PBXTargetDependency */ = {
			isa = PBXTargetDependency;
			name = Deliver;
			targetProxy = FDE0B73321D7BD2B0093CBCB /* PBXContainerItemProxy */;
		};
		FDE0B73821D7BD2B0093CBCB /* PBXTargetDependency */ = {
			isa = PBXTargetDependency;
			name = Task;
			targetProxy = FDE0B73721D7BD2B0093CBCB /* PBXContainerItemProxy */;
		};
		FDE0B73C21D7BD2B0093CBCB /* PBXTargetDependency */ = {
			isa = PBXTargetDependency;
			name = Url;
			targetProxy = FDE0B73B21D7BD2B0093CBCB /* PBXContainerItemProxy */;
		};
		FDE0B74021D7BD2B0093CBCB /* PBXTargetDependency */ = {
			isa = PBXTargetDependency;
			name = SourceryWorker;
			targetProxy = FDE0B73F21D7BD2B0093CBCB /* PBXContainerItemProxy */;
		};
		FDE0B74821D7BD2B0093CBCB /* PBXTargetDependency */ = {
			isa = PBXTargetDependency;
			name = SignPost;
			targetProxy = FDE0B74721D7BD2B0093CBCB /* PBXContainerItemProxy */;
		};
		FDE0B74C21D7BD2B0093CBCB /* PBXTargetDependency */ = {
			isa = PBXTargetDependency;
			name = TestKit;
			targetProxy = FDE0B74B21D7BD2B0093CBCB /* PBXContainerItemProxy */;
		};
		FDE0B76321D7BE090093CBCB /* PBXTargetDependency */ = {
			isa = PBXTargetDependency;
			name = "CupertinoJWT macOS";
			targetProxy = FDE0B76221D7BE090093CBCB /* PBXContainerItemProxy */;
		};
/* End PBXTargetDependency section */

/* Begin PBXVariantGroup section */
		FD4E548221D1140900B5A776 /* Main.storyboard */ = {
			isa = PBXVariantGroup;
			children = (
				FD4E548321D1140900B5A776 /* Base */,
			);
			name = Main.storyboard;
			sourceTree = "<group>";
		};
		FD4E548721D1140B00B5A776 /* LaunchScreen.storyboard */ = {
			isa = PBXVariantGroup;
			children = (
				FD4E548821D1140B00B5A776 /* Base */,
			);
			name = LaunchScreen.storyboard;
			sourceTree = "<group>";
		};
		FD841DF121D0F61300C8843F /* Main.storyboard */ = {
			isa = PBXVariantGroup;
			children = (
				FD841DF221D0F61300C8843F /* Base */,
			);
			name = Main.storyboard;
			sourceTree = "<group>";
		};
/* End PBXVariantGroup section */

/* Begin XCBuildConfiguration section */
		FD4E548C21D1140B00B5A776 /* Debug */ = {
			isa = XCBuildConfiguration;
			buildSettings = {
				ASSETCATALOG_COMPILER_APPICON_NAME = AppIcon;
				CODE_SIGN_IDENTITY = "iPhone Developer";
				CODE_SIGN_STYLE = Automatic;
				DEVELOPMENT_TEAM = WWFDRU947Q;
				INFOPLIST_FILE = Sources/HostiOSTests/Info.plist;
				IPHONEOS_DEPLOYMENT_TARGET = 12.1;
				LD_RUNPATH_SEARCH_PATHS = (
					"$(inherited)",
					"@executable_path/Frameworks",
				);
				PRODUCT_BUNDLE_IDENTIFIER = be.dooz.HostiOSTests;
				PRODUCT_NAME = "$(TARGET_NAME)";
				SDKROOT = iphoneos;
				SWIFT_VERSION = 4.2;
				TARGETED_DEVICE_FAMILY = "1,2";
			};
			name = Debug;
		};
		FD4E548D21D1140B00B5A776 /* Release */ = {
			isa = XCBuildConfiguration;
			buildSettings = {
				ASSETCATALOG_COMPILER_APPICON_NAME = AppIcon;
				CODE_SIGN_IDENTITY = "iPhone Developer";
				CODE_SIGN_STYLE = Automatic;
				DEVELOPMENT_TEAM = WWFDRU947Q;
				INFOPLIST_FILE = Sources/HostiOSTests/Info.plist;
				IPHONEOS_DEPLOYMENT_TARGET = 12.1;
				LD_RUNPATH_SEARCH_PATHS = (
					"$(inherited)",
					"@executable_path/Frameworks",
				);
				PRODUCT_BUNDLE_IDENTIFIER = be.dooz.HostiOSTests;
				PRODUCT_NAME = "$(TARGET_NAME)";
				SDKROOT = iphoneos;
				SWIFT_VERSION = 4.2;
				TARGETED_DEVICE_FAMILY = "1,2";
				VALIDATE_PRODUCT = YES;
			};
			name = Release;
		};
		FDB7AA3E21CD84970045DDA8 /* Debug */ = {
			isa = XCBuildConfiguration;
			buildSettings = {
				ALWAYS_SEARCH_USER_PATHS = NO;
				CLANG_ANALYZER_NONNULL = YES;
				CLANG_ANALYZER_NUMBER_OBJECT_CONVERSION = YES_AGGRESSIVE;
				CLANG_CXX_LANGUAGE_STANDARD = "gnu++14";
				CLANG_CXX_LIBRARY = "libc++";
				CLANG_ENABLE_MODULES = YES;
				CLANG_ENABLE_OBJC_ARC = YES;
				CLANG_ENABLE_OBJC_WEAK = YES;
				CLANG_WARN_BLOCK_CAPTURE_AUTORELEASING = YES;
				CLANG_WARN_BOOL_CONVERSION = YES;
				CLANG_WARN_COMMA = YES;
				CLANG_WARN_CONSTANT_CONVERSION = YES;
				CLANG_WARN_DEPRECATED_OBJC_IMPLEMENTATIONS = YES;
				CLANG_WARN_DIRECT_OBJC_ISA_USAGE = YES_ERROR;
				CLANG_WARN_DOCUMENTATION_COMMENTS = YES;
				CLANG_WARN_EMPTY_BODY = YES;
				CLANG_WARN_ENUM_CONVERSION = YES;
				CLANG_WARN_INFINITE_RECURSION = YES;
				CLANG_WARN_INT_CONVERSION = YES;
				CLANG_WARN_NON_LITERAL_NULL_CONVERSION = YES;
				CLANG_WARN_OBJC_IMPLICIT_RETAIN_SELF = YES;
				CLANG_WARN_OBJC_LITERAL_CONVERSION = YES;
				CLANG_WARN_OBJC_ROOT_CLASS = YES_ERROR;
				CLANG_WARN_RANGE_LOOP_ANALYSIS = YES;
				CLANG_WARN_STRICT_PROTOTYPES = YES;
				CLANG_WARN_SUSPICIOUS_MOVE = YES;
				CLANG_WARN_UNGUARDED_AVAILABILITY = YES_AGGRESSIVE;
				CLANG_WARN_UNREACHABLE_CODE = YES;
				CLANG_WARN__DUPLICATE_METHOD_MATCH = YES;
				CODE_SIGN_INJECT_BASE_ENTITLEMENTS = NO;
				COPY_PHASE_STRIP = NO;
				DEBUG_INFORMATION_FORMAT = dwarf;
				DEVELOPMENT_TEAM = WWFDRU947Q;
				ENABLE_STRICT_OBJC_MSGSEND = YES;
				ENABLE_TESTABILITY = YES;
				FRAMEWORK_SEARCH_PATHS = "$(BUILD_DIR)/$(CONFIGURATION)$(EFFECTIVE_PLATFORM_NAME)";
				GCC_C_LANGUAGE_STANDARD = gnu11;
				GCC_DYNAMIC_NO_PIC = NO;
				GCC_NO_COMMON_BLOCKS = YES;
				GCC_OPTIMIZATION_LEVEL = 0;
				GCC_PREPROCESSOR_DEFINITIONS = (
					"DEBUG=1",
					"$(inherited)",
				);
				GCC_WARN_64_TO_32_BIT_CONVERSION = YES;
				GCC_WARN_ABOUT_RETURN_TYPE = YES_ERROR;
				GCC_WARN_UNDECLARED_SELECTOR = YES;
				GCC_WARN_UNINITIALIZED_AUTOS = YES_AGGRESSIVE;
				GCC_WARN_UNUSED_FUNCTION = YES;
				GCC_WARN_UNUSED_VARIABLE = YES;
				MACOSX_DEPLOYMENT_TARGET = 10.14;
				MTL_ENABLE_DEBUG_INFO = INCLUDE_SOURCE;
				MTL_FAST_MATH = YES;
				ONLY_ACTIVE_ARCH = YES;
				SDKROOT = macosx;
				SWIFT_ACTIVE_COMPILATION_CONDITIONS = DEBUG;
				SWIFT_OPTIMIZATION_LEVEL = "-Onone";
			};
			name = Debug;
		};
		FDB7AA3F21CD84970045DDA8 /* Release */ = {
			isa = XCBuildConfiguration;
			buildSettings = {
				ALWAYS_SEARCH_USER_PATHS = NO;
				CLANG_ANALYZER_NONNULL = YES;
				CLANG_ANALYZER_NUMBER_OBJECT_CONVERSION = YES_AGGRESSIVE;
				CLANG_CXX_LANGUAGE_STANDARD = "gnu++14";
				CLANG_CXX_LIBRARY = "libc++";
				CLANG_ENABLE_MODULES = YES;
				CLANG_ENABLE_OBJC_ARC = YES;
				CLANG_ENABLE_OBJC_WEAK = YES;
				CLANG_WARN_BLOCK_CAPTURE_AUTORELEASING = YES;
				CLANG_WARN_BOOL_CONVERSION = YES;
				CLANG_WARN_COMMA = YES;
				CLANG_WARN_CONSTANT_CONVERSION = YES;
				CLANG_WARN_DEPRECATED_OBJC_IMPLEMENTATIONS = YES;
				CLANG_WARN_DIRECT_OBJC_ISA_USAGE = YES_ERROR;
				CLANG_WARN_DOCUMENTATION_COMMENTS = YES;
				CLANG_WARN_EMPTY_BODY = YES;
				CLANG_WARN_ENUM_CONVERSION = YES;
				CLANG_WARN_INFINITE_RECURSION = YES;
				CLANG_WARN_INT_CONVERSION = YES;
				CLANG_WARN_NON_LITERAL_NULL_CONVERSION = YES;
				CLANG_WARN_OBJC_IMPLICIT_RETAIN_SELF = YES;
				CLANG_WARN_OBJC_LITERAL_CONVERSION = YES;
				CLANG_WARN_OBJC_ROOT_CLASS = YES_ERROR;
				CLANG_WARN_RANGE_LOOP_ANALYSIS = YES;
				CLANG_WARN_STRICT_PROTOTYPES = YES;
				CLANG_WARN_SUSPICIOUS_MOVE = YES;
				CLANG_WARN_UNGUARDED_AVAILABILITY = YES_AGGRESSIVE;
				CLANG_WARN_UNREACHABLE_CODE = YES;
				CLANG_WARN__DUPLICATE_METHOD_MATCH = YES;
				CODE_SIGN_INJECT_BASE_ENTITLEMENTS = NO;
				COPY_PHASE_STRIP = NO;
				DEBUG_INFORMATION_FORMAT = "dwarf-with-dsym";
				DEVELOPMENT_TEAM = WWFDRU947Q;
				ENABLE_NS_ASSERTIONS = NO;
				ENABLE_STRICT_OBJC_MSGSEND = YES;
				FRAMEWORK_SEARCH_PATHS = "$(BUILD_DIR)/$(CONFIGURATION)$(EFFECTIVE_PLATFORM_NAME)";
				GCC_C_LANGUAGE_STANDARD = gnu11;
				GCC_NO_COMMON_BLOCKS = YES;
				GCC_WARN_64_TO_32_BIT_CONVERSION = YES;
				GCC_WARN_ABOUT_RETURN_TYPE = YES_ERROR;
				GCC_WARN_UNDECLARED_SELECTOR = YES;
				GCC_WARN_UNINITIALIZED_AUTOS = YES_AGGRESSIVE;
				GCC_WARN_UNUSED_FUNCTION = YES;
				GCC_WARN_UNUSED_VARIABLE = YES;
				MACOSX_DEPLOYMENT_TARGET = 10.14;
				MTL_ENABLE_DEBUG_INFO = NO;
				MTL_FAST_MATH = YES;
				SDKROOT = macosx;
				SWIFT_COMPILATION_MODE = wholemodule;
				SWIFT_OPTIMIZATION_LEVEL = "-O";
			};
			name = Release;
		};
		FDB7AA4121CD84970045DDA8 /* Debug */ = {
			isa = XCBuildConfiguration;
			buildSettings = {
				ALWAYS_EMBED_SWIFT_STANDARD_LIBRARIES = YES;
				ASSETCATALOG_COMPILER_APPICON_NAME = AppIcon;
				CODE_SIGN_ENTITLEMENTS = Sources/AutomateZFile/AutomateZFile.entitlements;
				CODE_SIGN_IDENTITY = "Mac Developer";
				CODE_SIGN_STYLE = Automatic;
				COMBINE_HIDPI_IMAGES = YES;
				DEVELOPMENT_TEAM = WWFDRU947Q;
				INFOPLIST_FILE = Sources/AutomateZFile/Info.plist;
				LD_RUNPATH_SEARCH_PATHS = (
					"$(inherited)",
					"@executable_path/../Frameworks",
				);
				PRODUCT_BUNDLE_IDENTIFIER = be.dooz.AutomateZFile;
				PRODUCT_NAME = "$(TARGET_NAME)";
				PROVISIONING_PROFILE_SPECIFIER = "";
				SWIFT_VERSION = 4.2;
			};
			name = Debug;
		};
		FDB7AA4221CD84970045DDA8 /* Release */ = {
			isa = XCBuildConfiguration;
			buildSettings = {
				ALWAYS_EMBED_SWIFT_STANDARD_LIBRARIES = YES;
				ASSETCATALOG_COMPILER_APPICON_NAME = AppIcon;
				CODE_SIGN_ENTITLEMENTS = Sources/AutomateZFile/AutomateZFile.entitlements;
				CODE_SIGN_IDENTITY = "Mac Developer";
				CODE_SIGN_STYLE = Automatic;
				COMBINE_HIDPI_IMAGES = YES;
				DEVELOPMENT_TEAM = WWFDRU947Q;
				INFOPLIST_FILE = Sources/AutomateZFile/Info.plist;
				LD_RUNPATH_SEARCH_PATHS = (
					"$(inherited)",
					"@executable_path/../Frameworks",
				);
				PRODUCT_BUNDLE_IDENTIFIER = be.dooz.AutomateZFile;
				PRODUCT_NAME = "$(TARGET_NAME)";
				PROVISIONING_PROFILE_SPECIFIER = "";
				SWIFT_VERSION = 4.2;
			};
			name = Release;
		};
		FDB7AA4421CD84970045DDA8 /* Debug */ = {
			isa = XCBuildConfiguration;
			buildSettings = {
				ALWAYS_EMBED_SWIFT_STANDARD_LIBRARIES = YES;
				BUNDLE_LOADER = "$(TEST_HOST)";
				CODE_SIGN_IDENTITY = "Mac Developer";
				CODE_SIGN_STYLE = Automatic;
				COMBINE_HIDPI_IMAGES = YES;
				DEVELOPMENT_TEAM = WWFDRU947Q;
				INFOPLIST_FILE = Tests/ZFileTests/Info.plist;
				LD_RUNPATH_SEARCH_PATHS = (
					"$(inherited)",
					"@executable_path/../Frameworks",
					"@loader_path/../Frameworks",
				);
				PRODUCT_BUNDLE_IDENTIFIER = be.dooz.AutomateZFileTests;
				PRODUCT_NAME = "$(TARGET_NAME)";
				PROVISIONING_PROFILE_SPECIFIER = "";
				SWIFT_VERSION = 4.2;
				TEST_HOST = "$(BUILT_PRODUCTS_DIR)/AutomateZFile.app/Contents/MacOS/AutomateZFile";
			};
			name = Debug;
		};
		FDB7AA4521CD84970045DDA8 /* Release */ = {
			isa = XCBuildConfiguration;
			buildSettings = {
				ALWAYS_EMBED_SWIFT_STANDARD_LIBRARIES = YES;
				BUNDLE_LOADER = "$(TEST_HOST)";
				CODE_SIGN_IDENTITY = "Mac Developer";
				CODE_SIGN_STYLE = Automatic;
				COMBINE_HIDPI_IMAGES = YES;
				DEVELOPMENT_TEAM = WWFDRU947Q;
				INFOPLIST_FILE = Tests/ZFileTests/Info.plist;
				LD_RUNPATH_SEARCH_PATHS = (
					"$(inherited)",
					"@executable_path/../Frameworks",
					"@loader_path/../Frameworks",
				);
				PRODUCT_BUNDLE_IDENTIFIER = be.dooz.AutomateZFileTests;
				PRODUCT_NAME = "$(TARGET_NAME)";
				PROVISIONING_PROFILE_SPECIFIER = "";
				SWIFT_VERSION = 4.2;
				TEST_HOST = "$(BUILT_PRODUCTS_DIR)/AutomateZFile.app/Contents/MacOS/AutomateZFile";
			};
			name = Release;
		};
		FDDB938A21CDA89A00B6D5E9 /* Debug */ = {
			isa = XCBuildConfiguration;
			buildSettings = {
				CODE_SIGN_IDENTITY = "iPhone Developer";
				CODE_SIGN_STYLE = Automatic;
				INFOPLIST_FILE = Tests/ZFileTests/Info.plist;
				IPHONEOS_DEPLOYMENT_TARGET = 12.1;
				LD_RUNPATH_SEARCH_PATHS = (
					"$(inherited)",
					"@executable_path/Frameworks",
					"@loader_path/Frameworks",
				);
				PRODUCT_BUNDLE_IDENTIFIER = "be.dooz.AutomateZFile-iosTests";
				PRODUCT_NAME = "$(TARGET_NAME)";
				SDKROOT = iphoneos;
				SWIFT_VERSION = 4.2;
				TARGETED_DEVICE_FAMILY = "1,2";
				TEST_HOST = "$(BUILT_PRODUCTS_DIR)/HostiOSTests.app/HostiOSTests";
			};
			name = Debug;
		};
		FDDB938B21CDA89A00B6D5E9 /* Release */ = {
			isa = XCBuildConfiguration;
			buildSettings = {
				CODE_SIGN_IDENTITY = "iPhone Developer";
				CODE_SIGN_STYLE = Automatic;
				INFOPLIST_FILE = Tests/ZFileTests/Info.plist;
				IPHONEOS_DEPLOYMENT_TARGET = 12.1;
				LD_RUNPATH_SEARCH_PATHS = (
					"$(inherited)",
					"@executable_path/Frameworks",
					"@loader_path/Frameworks",
				);
				PRODUCT_BUNDLE_IDENTIFIER = "be.dooz.AutomateZFile-iosTests";
				PRODUCT_NAME = "$(TARGET_NAME)";
				SDKROOT = iphoneos;
				SWIFT_VERSION = 4.2;
				TARGETED_DEVICE_FAMILY = "1,2";
				TEST_HOST = "$(BUILT_PRODUCTS_DIR)/HostiOSTests.app/HostiOSTests";
				VALIDATE_PRODUCT = YES;
			};
			name = Release;
		};
/* End XCBuildConfiguration section */

/* Begin XCConfigurationList section */
		FD4E548B21D1140B00B5A776 /* Build configuration list for PBXNativeTarget "HostiOSTests" */ = {
			isa = XCConfigurationList;
			buildConfigurations = (
				FD4E548C21D1140B00B5A776 /* Debug */,
				FD4E548D21D1140B00B5A776 /* Release */,
			);
			defaultConfigurationIsVisible = 0;
			defaultConfigurationName = Release;
		};
		FDB7AA2021CD84960045DDA8 /* Build configuration list for PBXProject "AutomateZFile" */ = {
			isa = XCConfigurationList;
			buildConfigurations = (
				FDB7AA3E21CD84970045DDA8 /* Debug */,
				FDB7AA3F21CD84970045DDA8 /* Release */,
			);
			defaultConfigurationIsVisible = 0;
			defaultConfigurationName = Release;
		};
		FDB7AA4021CD84970045DDA8 /* Build configuration list for PBXNativeTarget "AutomateZFile" */ = {
			isa = XCConfigurationList;
			buildConfigurations = (
				FDB7AA4121CD84970045DDA8 /* Debug */,
				FDB7AA4221CD84970045DDA8 /* Release */,
			);
			defaultConfigurationIsVisible = 0;
			defaultConfigurationName = Release;
		};
		FDB7AA4321CD84970045DDA8 /* Build configuration list for PBXNativeTarget "AutomateZFileTests-macos" */ = {
			isa = XCConfigurationList;
			buildConfigurations = (
				FDB7AA4421CD84970045DDA8 /* Debug */,
				FDB7AA4521CD84970045DDA8 /* Release */,
			);
			defaultConfigurationIsVisible = 0;
			defaultConfigurationName = Release;
		};
		FDDB938921CDA89A00B6D5E9 /* Build configuration list for PBXNativeTarget "AutomateZFileTests-ios" */ = {
			isa = XCConfigurationList;
			buildConfigurations = (
				FDDB938A21CDA89A00B6D5E9 /* Debug */,
				FDDB938B21CDA89A00B6D5E9 /* Release */,
			);
			defaultConfigurationIsVisible = 0;
			defaultConfigurationName = Release;
		};
/* End XCConfigurationList section */
	};
	rootObject = FDB7AA1D21CD84960045DDA8 /* Project object */;
}
